
Microsoft Visual Studio Solution File, Format Version 12.00
# Visual Studio 15
VisualStudioVersion = 15.0.28307.421
MinimumVisualStudioVersion = 10.0.40219.1
Project("{8BC9CEB8-8B4A-11D0-8D11-00A0C91BC942}") = "addtiffo", "demo\contrib\addtiffo\addtiffo.vcxproj", "{FB564D34-925D-33A2-B4B8-EF7340A93927}"
	ProjectSection(ProjectDependencies) = postProject
		{44DCE50D-1E7A-3B6C-9F01-BD94A7350BB1} = {44DCE50D-1E7A-3B6C-9F01-BD94A7350BB1}
		{C3AD0EF7-AC36-34F1-9699-1F640D8C9889} = {C3AD0EF7-AC36-34F1-9699-1F640D8C9889}
	EndProjectSection
EndProject
Project("{8BC9CEB8-8B4A-11D0-8D11-00A0C91BC942}") = "ascii_tag", "demo\test\ascii_tag.vcxproj", "{3A18E81E-089E-3B62-8EC3-B21E825BC31D}"
	ProjectSection(ProjectDependencies) = postProject
		{44DCE50D-1E7A-3B6C-9F01-BD94A7350BB1} = {44DCE50D-1E7A-3B6C-9F01-BD94A7350BB1}
		{C3AD0EF7-AC36-34F1-9699-1F640D8C9889} = {C3AD0EF7-AC36-34F1-9699-1F640D8C9889}
	EndProjectSection
EndProject
Project("{8BC9CEB8-8B4A-11D0-8D11-00A0C91BC942}") = "custom_dir", "demo\test\custom_dir.vcxproj", "{C8E32C3A-BA2E-3156-92DE-505099279A96}"
	ProjectSection(ProjectDependencies) = postProject
		{44DCE50D-1E7A-3B6C-9F01-BD94A7350BB1} = {44DCE50D-1E7A-3B6C-9F01-BD94A7350BB1}
		{C3AD0EF7-AC36-34F1-9699-1F640D8C9889} = {C3AD0EF7-AC36-34F1-9699-1F640D8C9889}
	EndProjectSection
EndProject
Project("{8BC9CEB8-8B4A-11D0-8D11-00A0C91BC942}") = "custom_dir_EXIF_231", "demo\test\custom_dir_EXIF_231.vcxproj", "{202847C7-EC92-335A-9D54-210DCB15C46E}"
	ProjectSection(ProjectDependencies) = postProject
		{44DCE50D-1E7A-3B6C-9F01-BD94A7350BB1} = {44DCE50D-1E7A-3B6C-9F01-BD94A7350BB1}
		{C3AD0EF7-AC36-34F1-9699-1F640D8C9889} = {C3AD0EF7-AC36-34F1-9699-1F640D8C9889}
	EndProjectSection
EndProject
Project("{8BC9CEB8-8B4A-11D0-8D11-00A0C91BC942}") = "defer_strile_loading", "demo\test\defer_strile_loading.vcxproj", "{B69EE0D5-07A0-331D-8219-0599B1CA37AB}"
	ProjectSection(ProjectDependencies) = postProject
		{44DCE50D-1E7A-3B6C-9F01-BD94A7350BB1} = {44DCE50D-1E7A-3B6C-9F01-BD94A7350BB1}
		{C3AD0EF7-AC36-34F1-9699-1F640D8C9889} = {C3AD0EF7-AC36-34F1-9699-1F640D8C9889}
	EndProjectSection
EndProject
Project("{8BC9CEB8-8B4A-11D0-8D11-00A0C91BC942}") = "defer_strile_writing", "demo\test\defer_strile_writing.vcxproj", "{428EEEA7-8013-3FE5-BB6F-9D977D06B86E}"
	ProjectSection(ProjectDependencies) = postProject
		{44DCE50D-1E7A-3B6C-9F01-BD94A7350BB1} = {44DCE50D-1E7A-3B6C-9F01-BD94A7350BB1}
		{C3AD0EF7-AC36-34F1-9699-1F640D8C9889} = {C3AD0EF7-AC36-34F1-9699-1F640D8C9889}
	EndProjectSection
EndProject
Project("{8BC9CEB8-8B4A-11D0-8D11-00A0C91BC942}") = "fax2ps", "demo\tools\fax2ps.vcxproj", "{F1034F82-587C-34EE-9458-F3E37CE7C9AB}"
	ProjectSection(ProjectDependencies) = postProject
		{44DCE50D-1E7A-3B6C-9F01-BD94A7350BB1} = {44DCE50D-1E7A-3B6C-9F01-BD94A7350BB1}
		{C3AD0EF7-AC36-34F1-9699-1F640D8C9889} = {C3AD0EF7-AC36-34F1-9699-1F640D8C9889}
	EndProjectSection
EndProject
Project("{8BC9CEB8-8B4A-11D0-8D11-00A0C91BC942}") = "fax2tiff", "demo\tools\fax2tiff.vcxproj", "{1FC3A2A6-B00D-3EAE-AE16-B5A3C9FD2306}"
	ProjectSection(ProjectDependencies) = postProject
		{44DCE50D-1E7A-3B6C-9F01-BD94A7350BB1} = {44DCE50D-1E7A-3B6C-9F01-BD94A7350BB1}
		{C3AD0EF7-AC36-34F1-9699-1F640D8C9889} = {C3AD0EF7-AC36-34F1-9699-1F640D8C9889}
	EndProjectSection
EndProject
Project("{8BC9CEB8-8B4A-11D0-8D11-00A0C91BC942}") = "iptcutil", "demo\contrib\iptcutil\iptcutil.vcxproj", "{3F3F7610-968F-3031-82C1-0A41C060D93F}"
	ProjectSection(ProjectDependencies) = postProject
		{44DCE50D-1E7A-3B6C-9F01-BD94A7350BB1} = {44DCE50D-1E7A-3B6C-9F01-BD94A7350BB1}
		{C3AD0EF7-AC36-34F1-9699-1F640D8C9889} = {C3AD0EF7-AC36-34F1-9699-1F640D8C9889}
	EndProjectSection
EndProject
Project("{8BC9CEB8-8B4A-11D0-8D11-00A0C91BC942}") = "long_tag", "demo\test\long_tag.vcxproj", "{7C5E7040-918A-3CF4-80A3-F063F6F896DB}"
	ProjectSection(ProjectDependencies) = postProject
		{44DCE50D-1E7A-3B6C-9F01-BD94A7350BB1} = {44DCE50D-1E7A-3B6C-9F01-BD94A7350BB1}
		{C3AD0EF7-AC36-34F1-9699-1F640D8C9889} = {C3AD0EF7-AC36-34F1-9699-1F640D8C9889}
	EndProjectSection
EndProject
Project("{8BC9CEB8-8B4A-11D0-8D11-00A0C91BC942}") = "pal2rgb", "demo\tools\pal2rgb.vcxproj", "{B3FF9C2A-5B61-35D2-A9FC-ACE0FA4093EC}"
	ProjectSection(ProjectDependencies) = postProject
		{44DCE50D-1E7A-3B6C-9F01-BD94A7350BB1} = {44DCE50D-1E7A-3B6C-9F01-BD94A7350BB1}
		{C3AD0EF7-AC36-34F1-9699-1F640D8C9889} = {C3AD0EF7-AC36-34F1-9699-1F640D8C9889}
	EndProjectSection
EndProject
Project("{8BC9CEB8-8B4A-11D0-8D11-00A0C91BC942}") = "ppm2tiff", "demo\tools\ppm2tiff.vcxproj", "{6EC3B31D-FAA5-33FF-B6B6-147FFBD5063B}"
	ProjectSection(ProjectDependencies) = postProject
		{44DCE50D-1E7A-3B6C-9F01-BD94A7350BB1} = {44DCE50D-1E7A-3B6C-9F01-BD94A7350BB1}
		{C3AD0EF7-AC36-34F1-9699-1F640D8C9889} = {C3AD0EF7-AC36-34F1-9699-1F640D8C9889}
	EndProjectSection
EndProject
Project("{8BC9CEB8-8B4A-11D0-8D11-00A0C91BC942}") = "raw2tiff", "demo\tools\raw2tiff.vcxproj", "{C09F7105-BE9F-382F-B1BA-BB3E14787A00}"
	ProjectSection(ProjectDependencies) = postProject
		{44DCE50D-1E7A-3B6C-9F01-BD94A7350BB1} = {44DCE50D-1E7A-3B6C-9F01-BD94A7350BB1}
		{C3AD0EF7-AC36-34F1-9699-1F640D8C9889} = {C3AD0EF7-AC36-34F1-9699-1F640D8C9889}
	EndProjectSection
EndProject
Project("{8BC9CEB8-8B4A-11D0-8D11-00A0C91BC942}") = "rewrite", "demo\test\rewrite.vcxproj", "{99688869-8502-3281-A923-EE16A6C9E418}"
	ProjectSection(ProjectDependencies) = postProject
		{44DCE50D-1E7A-3B6C-9F01-BD94A7350BB1} = {44DCE50D-1E7A-3B6C-9F01-BD94A7350BB1}
		{C3AD0EF7-AC36-34F1-9699-1F640D8C9889} = {C3AD0EF7-AC36-34F1-9699-1F640D8C9889}
	EndProjectSection
EndProject
Project("{8BC9CEB8-8B4A-11D0-8D11-00A0C91BC942}") = "rgb2ycbcr", "demo\tools\rgb2ycbcr.vcxproj", "{5B9A7C20-8244-3F4E-BA44-5FFA0941F7BA}"
	ProjectSection(ProjectDependencies) = postProject
		{44DCE50D-1E7A-3B6C-9F01-BD94A7350BB1} = {44DCE50D-1E7A-3B6C-9F01-BD94A7350BB1}
		{C3AD0EF7-AC36-34F1-9699-1F640D8C9889} = {C3AD0EF7-AC36-34F1-9699-1F640D8C9889}
	EndProjectSection
EndProject
Project("{8BC9CEB8-8B4A-11D0-8D11-00A0C91BC942}") = "short_tag", "demo\test\short_tag.vcxproj", "{37AC332F-F4F1-39FF-A5C2-58D304D29669}"
	ProjectSection(ProjectDependencies) = postProject
		{44DCE50D-1E7A-3B6C-9F01-BD94A7350BB1} = {44DCE50D-1E7A-3B6C-9F01-BD94A7350BB1}
		{C3AD0EF7-AC36-34F1-9699-1F640D8C9889} = {C3AD0EF7-AC36-34F1-9699-1F640D8C9889}
	EndProjectSection
EndProject
Project("{8BC9CEB8-8B4A-11D0-8D11-00A0C91BC942}") = "strip_rw", "demo\test\strip_rw.vcxproj", "{DCE0DC14-DBF0-3A58-9DC0-A07530904879}"
	ProjectSection(ProjectDependencies) = postProject
		{44DCE50D-1E7A-3B6C-9F01-BD94A7350BB1} = {44DCE50D-1E7A-3B6C-9F01-BD94A7350BB1}
		{C3AD0EF7-AC36-34F1-9699-1F640D8C9889} = {C3AD0EF7-AC36-34F1-9699-1F640D8C9889}
	EndProjectSection
EndProject
Project("{8BC9CEB8-8B4A-11D0-8D11-00A0C91BC942}") = "test_directory", "demo\test\test_directory.vcxproj", "{7F7D4563-F748-37EB-A87B-F58761B815F7}"
	ProjectSection(ProjectDependencies) = postProject
		{44DCE50D-1E7A-3B6C-9F01-BD94A7350BB1} = {44DCE50D-1E7A-3B6C-9F01-BD94A7350BB1}
		{C3AD0EF7-AC36-34F1-9699-1F640D8C9889} = {C3AD0EF7-AC36-34F1-9699-1F640D8C9889}
	EndProjectSection
EndProject
Project("{8BC9CEB8-8B4A-11D0-8D11-00A0C91BC942}") = "test_signed_tags", "demo\test\test_signed_tags.vcxproj", "{29640686-3FF3-38AD-B24A-574D997C2CDD}"
	ProjectSection(ProjectDependencies) = postProject
		{44DCE50D-1E7A-3B6C-9F01-BD94A7350BB1} = {44DCE50D-1E7A-3B6C-9F01-BD94A7350BB1}
		{C3AD0EF7-AC36-34F1-9699-1F640D8C9889} = {C3AD0EF7-AC36-34F1-9699-1F640D8C9889}
	EndProjectSection
EndProject
Project("{8BC9CEB8-8B4A-11D0-8D11-00A0C91BC942}") = "testtypes", "demo\test\testtypes.vcxproj", "{F8FF008B-7ACD-3C61-B128-33F65AB2AA78}"
	ProjectSection(ProjectDependencies) = postProject
		{44DCE50D-1E7A-3B6C-9F01-BD94A7350BB1} = {44DCE50D-1E7A-3B6C-9F01-BD94A7350BB1}
		{C3AD0EF7-AC36-34F1-9699-1F640D8C9889} = {C3AD0EF7-AC36-34F1-9699-1F640D8C9889}
	EndProjectSection
EndProject
Project("{8BC9CEB8-8B4A-11D0-8D11-00A0C91BC942}") = "thumbnail", "demo\tools\thumbnail.vcxproj", "{A81FEA99-6533-3360-B13D-1E76EA440AF2}"
	ProjectSection(ProjectDependencies) = postProject
		{44DCE50D-1E7A-3B6C-9F01-BD94A7350BB1} = {44DCE50D-1E7A-3B6C-9F01-BD94A7350BB1}
		{C3AD0EF7-AC36-34F1-9699-1F640D8C9889} = {C3AD0EF7-AC36-34F1-9699-1F640D8C9889}
	EndProjectSection
EndProject
Project("{8BC9CEB8-8B4A-11D0-8D11-00A0C91BC942}") = "tiff-bi", "demo\contrib\dbs\tiff-bi.vcxproj", "{85040741-F240-354C-B89F-3737D7365B00}"
	ProjectSection(ProjectDependencies) = postProject
		{44DCE50D-1E7A-3B6C-9F01-BD94A7350BB1} = {44DCE50D-1E7A-3B6C-9F01-BD94A7350BB1}
		{C3AD0EF7-AC36-34F1-9699-1F640D8C9889} = {C3AD0EF7-AC36-34F1-9699-1F640D8C9889}
	EndProjectSection
EndProject
Project("{8BC9CEB8-8B4A-11D0-8D11-00A0C91BC942}") = "tiff-grayscale", "demo\contrib\dbs\tiff-grayscale.vcxproj", "{A33932B4-6B0D-3ECB-9E30-4DF0E0FDE87E}"
	ProjectSection(ProjectDependencies) = postProject
		{44DCE50D-1E7A-3B6C-9F01-BD94A7350BB1} = {44DCE50D-1E7A-3B6C-9F01-BD94A7350BB1}
		{C3AD0EF7-AC36-34F1-9699-1F640D8C9889} = {C3AD0EF7-AC36-34F1-9699-1F640D8C9889}
	EndProjectSection
EndProject
Project("{8BC9CEB8-8B4A-11D0-8D11-00A0C91BC942}") = "tiff-palette", "demo\contrib\dbs\tiff-palette.vcxproj", "{FA612598-5A76-3586-882A-CA2828D63D70}"
	ProjectSection(ProjectDependencies) = postProject
		{44DCE50D-1E7A-3B6C-9F01-BD94A7350BB1} = {44DCE50D-1E7A-3B6C-9F01-BD94A7350BB1}
		{C3AD0EF7-AC36-34F1-9699-1F640D8C9889} = {C3AD0EF7-AC36-34F1-9699-1F640D8C9889}
	EndProjectSection
EndProject
Project("{8BC9CEB8-8B4A-11D0-8D11-00A0C91BC942}") = "tiff-rgb", "demo\contrib\dbs\tiff-rgb.vcxproj", "{5A77AD54-FFEC-3D91-93A7-620CA29AEEB5}"
	ProjectSection(ProjectDependencies) = postProject
		{44DCE50D-1E7A-3B6C-9F01-BD94A7350BB1} = {44DCE50D-1E7A-3B6C-9F01-BD94A7350BB1}
		{C3AD0EF7-AC36-34F1-9699-1F640D8C9889} = {C3AD0EF7-AC36-34F1-9699-1F640D8C9889}
	EndProjectSection
EndProject
Project("{8BC9CEB8-8B4A-11D0-8D11-00A0C91BC942}") = "tiff2bw", "demo\tools\tiff2bw.vcxproj", "{1E400493-74A8-3A88-BA60-C84BC6F30585}"
	ProjectSection(ProjectDependencies) = postProject
		{44DCE50D-1E7A-3B6C-9F01-BD94A7350BB1} = {44DCE50D-1E7A-3B6C-9F01-BD94A7350BB1}
		{C3AD0EF7-AC36-34F1-9699-1F640D8C9889} = {C3AD0EF7-AC36-34F1-9699-1F640D8C9889}
	EndProjectSection
EndProject
Project("{8BC9CEB8-8B4A-11D0-8D11-00A0C91BC942}") = "tiff2pdf", "demo\tools\tiff2pdf.vcxproj", "{18652706-1668-3C20-99F6-8DA07C0069C2}"
	ProjectSection(ProjectDependencies) = postProject
		{44DCE50D-1E7A-3B6C-9F01-BD94A7350BB1} = {44DCE50D-1E7A-3B6C-9F01-BD94A7350BB1}
		{C3AD0EF7-AC36-34F1-9699-1F640D8C9889} = {C3AD0EF7-AC36-34F1-9699-1F640D8C9889}
	EndProjectSection
EndProject
Project("{8BC9CEB8-8B4A-11D0-8D11-00A0C91BC942}") = "tiff2ps", "demo\tools\tiff2ps.vcxproj", "{BEC8E80E-6C2E-3820-BB5D-0ED0149C2490}"
	ProjectSection(ProjectDependencies) = postProject
		{44DCE50D-1E7A-3B6C-9F01-BD94A7350BB1} = {44DCE50D-1E7A-3B6C-9F01-BD94A7350BB1}
		{C3AD0EF7-AC36-34F1-9699-1F640D8C9889} = {C3AD0EF7-AC36-34F1-9699-1F640D8C9889}
	EndProjectSection
EndProject
Project("{8BC9CEB8-8B4A-11D0-8D11-00A0C91BC942}") = "tiff2rgba", "demo\tools\tiff2rgba.vcxproj", "{FA2C4016-EBF6-3048-BD28-5A854B448DCF}"
	ProjectSection(ProjectDependencies) = postProject
		{44DCE50D-1E7A-3B6C-9F01-BD94A7350BB1} = {44DCE50D-1E7A-3B6C-9F01-BD94A7350BB1}
		{C3AD0EF7-AC36-34F1-9699-1F640D8C9889} = {C3AD0EF7-AC36-34F1-9699-1F640D8C9889}
	EndProjectSection
EndProject
Project("{8BC9CEB8-8B4A-11D0-8D11-00A0C91BC942}") = "tiffcmp", "demo\tools\tiffcmp.vcxproj", "{9361BEE2-2EF9-358A-80B0-A016CFA511C3}"
	ProjectSection(ProjectDependencies) = postProject
		{44DCE50D-1E7A-3B6C-9F01-BD94A7350BB1} = {44DCE50D-1E7A-3B6C-9F01-BD94A7350BB1}
		{C3AD0EF7-AC36-34F1-9699-1F640D8C9889} = {C3AD0EF7-AC36-34F1-9699-1F640D8C9889}
	EndProjectSection
EndProject
Project("{8BC9CEB8-8B4A-11D0-8D11-00A0C91BC942}") = "tiffcp", "demo\tools\tiffcp.vcxproj", "{622495B9-E6A2-3A7A-B8BA-3B05D8BB85C3}"
	ProjectSection(ProjectDependencies) = postProject
		{44DCE50D-1E7A-3B6C-9F01-BD94A7350BB1} = {44DCE50D-1E7A-3B6C-9F01-BD94A7350BB1}
		{C3AD0EF7-AC36-34F1-9699-1F640D8C9889} = {C3AD0EF7-AC36-34F1-9699-1F640D8C9889}
	EndProjectSection
EndProject
Project("{8BC9CEB8-8B4A-11D0-8D11-00A0C91BC942}") = "tiffcrop", "demo\tools\tiffcrop.vcxproj", "{C0EFE0A5-ED10-3555-B66F-3CF7E5F70F1D}"
	ProjectSection(ProjectDependencies) = postProject
		{44DCE50D-1E7A-3B6C-9F01-BD94A7350BB1} = {44DCE50D-1E7A-3B6C-9F01-BD94A7350BB1}
		{C3AD0EF7-AC36-34F1-9699-1F640D8C9889} = {C3AD0EF7-AC36-34F1-9699-1F640D8C9889}
	EndProjectSection
EndProject
Project("{8BC9CEB8-8B4A-11D0-8D11-00A0C91BC942}") = "tiffdither", "demo\tools\tiffdither.vcxproj", "{DF7F109C-F20E-3CE1-B1ED-25E5838FB0F0}"
	ProjectSection(ProjectDependencies) = postProject
		{44DCE50D-1E7A-3B6C-9F01-BD94A7350BB1} = {44DCE50D-1E7A-3B6C-9F01-BD94A7350BB1}
		{C3AD0EF7-AC36-34F1-9699-1F640D8C9889} = {C3AD0EF7-AC36-34F1-9699-1F640D8C9889}
	EndProjectSection
EndProject
Project("{8BC9CEB8-8B4A-11D0-8D11-00A0C91BC942}") = "tiffdump", "demo\tools\tiffdump.vcxproj", "{4BAE8E91-BAB5-3AFD-87BC-7DDEE172F634}"
	ProjectSection(ProjectDependencies) = postProject
		{44DCE50D-1E7A-3B6C-9F01-BD94A7350BB1} = {44DCE50D-1E7A-3B6C-9F01-BD94A7350BB1}
		{C3AD0EF7-AC36-34F1-9699-1F640D8C9889} = {C3AD0EF7-AC36-34F1-9699-1F640D8C9889}
	EndProjectSection
EndProject
Project("{8BC9CEB8-8B4A-11D0-8D11-00A0C91BC942}") = "tiffinfo", "demo\tools\tiffinfo.vcxproj", "{EA8645FC-DC06-3AEA-AA8E-872E77DC49E1}"
	ProjectSection(ProjectDependencies) = postProject
		{44DCE50D-1E7A-3B6C-9F01-BD94A7350BB1} = {44DCE50D-1E7A-3B6C-9F01-BD94A7350BB1}
		{C3AD0EF7-AC36-34F1-9699-1F640D8C9889} = {C3AD0EF7-AC36-34F1-9699-1F640D8C9889}
	EndProjectSection
EndProject
Project("{8BC9CEB8-8B4A-11D0-8D11-00A0C91BC942}") = "tiffmedian", "demo\tools\tiffmedian.vcxproj", "{7CE7BDFD-7CB9-3306-BC0C-65AD84F795CE}"
	ProjectSection(ProjectDependencies) = postProject
		{44DCE50D-1E7A-3B6C-9F01-BD94A7350BB1} = {44DCE50D-1E7A-3B6C-9F01-BD94A7350BB1}
		{C3AD0EF7-AC36-34F1-9699-1F640D8C9889} = {C3AD0EF7-AC36-34F1-9699-1F640D8C9889}
	EndProjectSection
EndProject
Project("{8BC9CEB8-8B4A-11D0-8D11-00A0C91BC942}") = "tiffset", "demo\tools\tiffset.vcxproj", "{9F871971-616D-36E4-B5F1-AD2FCB598F87}"
	ProjectSection(ProjectDependencies) = postProject
		{44DCE50D-1E7A-3B6C-9F01-BD94A7350BB1} = {44DCE50D-1E7A-3B6C-9F01-BD94A7350BB1}
		{C3AD0EF7-AC36-34F1-9699-1F640D8C9889} = {C3AD0EF7-AC36-34F1-9699-1F640D8C9889}
	EndProjectSection
EndProject
Project("{8BC9CEB8-8B4A-11D0-8D11-00A0C91BC942}") = "tiffsplit", "demo\tools\tiffsplit.vcxproj", "{255DC233-A200-3494-A9FC-96899452394E}"
	ProjectSection(ProjectDependencies) = postProject
		{44DCE50D-1E7A-3B6C-9F01-BD94A7350BB1} = {44DCE50D-1E7A-3B6C-9F01-BD94A7350BB1}
		{C3AD0EF7-AC36-34F1-9699-1F640D8C9889} = {C3AD0EF7-AC36-34F1-9699-1F640D8C9889}
	EndProjectSection
EndProject
Project("{2150E333-8FDC-42A3-9474-1A3956D46DE8}") = "1_dll", "1_dll", "{DA1DD851-34D8-4759-A739-3976AB5D2434}"
EndProject
Project("{2150E333-8FDC-42A3-9474-1A3956D46DE8}") = "0_lib", "0_lib", "{D590A306-EF1A-4BD0-948B-0927FE3F30A6}"
EndProject
Project("{2150E333-8FDC-42A3-9474-1A3956D46DE8}") = "0_thirdparty", "0_thirdparty", "{AF809F91-F94C-4656-9E04-BB38B4BF0F0E}"
EndProject
Project("{2150E333-8FDC-42A3-9474-1A3956D46DE8}") = "2_exe", "2_exe", "{43ED717D-5E85-41A5-B6A6-A545BC7569B9}"
EndProject
Project("{2150E333-8FDC-42A3-9474-1A3956D46DE8}") = "1_demo", "1_demo", "{1B1F1C50-3F85-440A-ABD2-6A06905ED230}"
EndProject
Project("{2150E333-8FDC-42A3-9474-1A3956D46DE8}") = "tools", "tools", "{65125713-DF30-4AE0-B2AE-81D838CA9424}"
EndProject
Project("{2150E333-8FDC-42A3-9474-1A3956D46DE8}") = "test", "test", "{758E6BA8-077B-4257-A80A-B0CCEED2CF68}"
EndProject
Project("{2150E333-8FDC-42A3-9474-1A3956D46DE8}") = "contrib", "contrib", "{2C5F7BFD-21FB-4B7D-8300-9114C683C670}"
EndProject
Project("{8BC9CEB8-8B4A-11D0-8D11-00A0C91BC942}") = "libport", "thirdparty\tiff-4.4.0\port\libport.vcxproj", "{C3AD0EF7-AC36-34F1-9699-1F640D8C9889}"
EndProject
Project("{8BC9CEB8-8B4A-11D0-8D11-00A0C91BC942}") = "libtiff", "thirdparty\tiff-4.4.0\libtiff.vcxproj", "{89DC3EA3-9065-4245-9DEE-2DE898409964}"
EndProject
Project("{8BC9CEB8-8B4A-11D0-8D11-00A0C91BC942}") = "tiff", "thirdparty\tiff-4.4.0\tiff.vcxproj", "{44DCE50D-1E7A-3B6C-9F01-BD94A7350BB1}"
EndProject
Project("{8BC9CEB8-8B4A-11D0-8D11-00A0C91BC942}") = "mkg3states", "thirdparty\tiff-4.4.0\mkg3states.vcxproj", "{10C3D04C-4BC4-308E-8035-B765ED1DC8B7}"
	ProjectSection(ProjectDependencies) = postProject
		{44DCE50D-1E7A-3B6C-9F01-BD94A7350BB1} = {44DCE50D-1E7A-3B6C-9F01-BD94A7350BB1}
	EndProjectSection
EndProject
Global
	GlobalSection(SolutionConfigurationPlatforms) = preSolution
		Debug|x64 = Debug|x64
		Release|x64 = Release|x64
	EndGlobalSection
	GlobalSection(ProjectConfigurationPlatforms) = postSolution
		{FB564D34-925D-33A2-B4B8-EF7340A93927}.Debug|x64.ActiveCfg = Debug|x64
		{FB564D34-925D-33A2-B4B8-EF7340A93927}.Debug|x64.Build.0 = Debug|x64
		{FB564D34-925D-33A2-B4B8-EF7340A93927}.Release|x64.ActiveCfg = Release|x64
		{FB564D34-925D-33A2-B4B8-EF7340A93927}.Release|x64.Build.0 = Release|x64
		{3A18E81E-089E-3B62-8EC3-B21E825BC31D}.Debug|x64.ActiveCfg = Debug|x64
		{3A18E81E-089E-3B62-8EC3-B21E825BC31D}.Debug|x64.Build.0 = Debug|x64
		{3A18E81E-089E-3B62-8EC3-B21E825BC31D}.Release|x64.ActiveCfg = Release|x64
		{3A18E81E-089E-3B62-8EC3-B21E825BC31D}.Release|x64.Build.0 = Release|x64
		{C8E32C3A-BA2E-3156-92DE-505099279A96}.Debug|x64.ActiveCfg = Debug|x64
		{C8E32C3A-BA2E-3156-92DE-505099279A96}.Debug|x64.Build.0 = Debug|x64
		{C8E32C3A-BA2E-3156-92DE-505099279A96}.Release|x64.ActiveCfg = Release|x64
		{C8E32C3A-BA2E-3156-92DE-505099279A96}.Release|x64.Build.0 = Release|x64
		{202847C7-EC92-335A-9D54-210DCB15C46E}.Debug|x64.ActiveCfg = Debug|x64
		{202847C7-EC92-335A-9D54-210DCB15C46E}.Debug|x64.Build.0 = Debug|x64
		{202847C7-EC92-335A-9D54-210DCB15C46E}.Release|x64.ActiveCfg = Release|x64
		{202847C7-EC92-335A-9D54-210DCB15C46E}.Release|x64.Build.0 = Release|x64
		{B69EE0D5-07A0-331D-8219-0599B1CA37AB}.Debug|x64.ActiveCfg = Debug|x64
		{B69EE0D5-07A0-331D-8219-0599B1CA37AB}.Debug|x64.Build.0 = Debug|x64
		{B69EE0D5-07A0-331D-8219-0599B1CA37AB}.Release|x64.ActiveCfg = Release|x64
		{B69EE0D5-07A0-331D-8219-0599B1CA37AB}.Release|x64.Build.0 = Release|x64
		{428EEEA7-8013-3FE5-BB6F-9D977D06B86E}.Debug|x64.ActiveCfg = Debug|x64
		{428EEEA7-8013-3FE5-BB6F-9D977D06B86E}.Debug|x64.Build.0 = Debug|x64
		{428EEEA7-8013-3FE5-BB6F-9D977D06B86E}.Release|x64.ActiveCfg = Release|x64
		{428EEEA7-8013-3FE5-BB6F-9D977D06B86E}.Release|x64.Build.0 = Release|x64
		{F1034F82-587C-34EE-9458-F3E37CE7C9AB}.Debug|x64.ActiveCfg = Debug|x64
		{F1034F82-587C-34EE-9458-F3E37CE7C9AB}.Debug|x64.Build.0 = Debug|x64
		{F1034F82-587C-34EE-9458-F3E37CE7C9AB}.Release|x64.ActiveCfg = Release|x64
		{F1034F82-587C-34EE-9458-F3E37CE7C9AB}.Release|x64.Build.0 = Release|x64
		{1FC3A2A6-B00D-3EAE-AE16-B5A3C9FD2306}.Debug|x64.ActiveCfg = Debug|x64
		{1FC3A2A6-B00D-3EAE-AE16-B5A3C9FD2306}.Debug|x64.Build.0 = Debug|x64
		{1FC3A2A6-B00D-3EAE-AE16-B5A3C9FD2306}.Release|x64.ActiveCfg = Release|x64
		{1FC3A2A6-B00D-3EAE-AE16-B5A3C9FD2306}.Release|x64.Build.0 = Release|x64
		{3F3F7610-968F-3031-82C1-0A41C060D93F}.Debug|x64.ActiveCfg = Debug|x64
		{3F3F7610-968F-3031-82C1-0A41C060D93F}.Debug|x64.Build.0 = Debug|x64
		{3F3F7610-968F-3031-82C1-0A41C060D93F}.Release|x64.ActiveCfg = Release|x64
		{3F3F7610-968F-3031-82C1-0A41C060D93F}.Release|x64.Build.0 = Release|x64
		{7C5E7040-918A-3CF4-80A3-F063F6F896DB}.Debug|x64.ActiveCfg = Debug|x64
		{7C5E7040-918A-3CF4-80A3-F063F6F896DB}.Debug|x64.Build.0 = Debug|x64
		{7C5E7040-918A-3CF4-80A3-F063F6F896DB}.Release|x64.ActiveCfg = Release|x64
		{7C5E7040-918A-3CF4-80A3-F063F6F896DB}.Release|x64.Build.0 = Release|x64
		{B3FF9C2A-5B61-35D2-A9FC-ACE0FA4093EC}.Debug|x64.ActiveCfg = Debug|x64
		{B3FF9C2A-5B61-35D2-A9FC-ACE0FA4093EC}.Debug|x64.Build.0 = Debug|x64
		{B3FF9C2A-5B61-35D2-A9FC-ACE0FA4093EC}.Release|x64.ActiveCfg = Release|x64
		{B3FF9C2A-5B61-35D2-A9FC-ACE0FA4093EC}.Release|x64.Build.0 = Release|x64
		{6EC3B31D-FAA5-33FF-B6B6-147FFBD5063B}.Debug|x64.ActiveCfg = Debug|x64
		{6EC3B31D-FAA5-33FF-B6B6-147FFBD5063B}.Debug|x64.Build.0 = Debug|x64
		{6EC3B31D-FAA5-33FF-B6B6-147FFBD5063B}.Release|x64.ActiveCfg = Release|x64
		{6EC3B31D-FAA5-33FF-B6B6-147FFBD5063B}.Release|x64.Build.0 = Release|x64
		{C09F7105-BE9F-382F-B1BA-BB3E14787A00}.Debug|x64.ActiveCfg = Debug|x64
		{C09F7105-BE9F-382F-B1BA-BB3E14787A00}.Debug|x64.Build.0 = Debug|x64
		{C09F7105-BE9F-382F-B1BA-BB3E14787A00}.Release|x64.ActiveCfg = Release|x64
		{C09F7105-BE9F-382F-B1BA-BB3E14787A00}.Release|x64.Build.0 = Release|x64
		{99688869-8502-3281-A923-EE16A6C9E418}.Debug|x64.ActiveCfg = Debug|x64
		{99688869-8502-3281-A923-EE16A6C9E418}.Debug|x64.Build.0 = Debug|x64
		{99688869-8502-3281-A923-EE16A6C9E418}.Release|x64.ActiveCfg = Release|x64
		{99688869-8502-3281-A923-EE16A6C9E418}.Release|x64.Build.0 = Release|x64
		{5B9A7C20-8244-3F4E-BA44-5FFA0941F7BA}.Debug|x64.ActiveCfg = Debug|x64
		{5B9A7C20-8244-3F4E-BA44-5FFA0941F7BA}.Debug|x64.Build.0 = Debug|x64
		{5B9A7C20-8244-3F4E-BA44-5FFA0941F7BA}.Release|x64.ActiveCfg = Release|x64
		{5B9A7C20-8244-3F4E-BA44-5FFA0941F7BA}.Release|x64.Build.0 = Release|x64
		{37AC332F-F4F1-39FF-A5C2-58D304D29669}.Debug|x64.ActiveCfg = Debug|x64
		{37AC332F-F4F1-39FF-A5C2-58D304D29669}.Debug|x64.Build.0 = Debug|x64
		{37AC332F-F4F1-39FF-A5C2-58D304D29669}.Release|x64.ActiveCfg = Release|x64
		{37AC332F-F4F1-39FF-A5C2-58D304D29669}.Release|x64.Build.0 = Release|x64
		{DCE0DC14-DBF0-3A58-9DC0-A07530904879}.Debug|x64.ActiveCfg = Debug|x64
		{DCE0DC14-DBF0-3A58-9DC0-A07530904879}.Debug|x64.Build.0 = Debug|x64
		{DCE0DC14-DBF0-3A58-9DC0-A07530904879}.Release|x64.ActiveCfg = Release|x64
		{DCE0DC14-DBF0-3A58-9DC0-A07530904879}.Release|x64.Build.0 = Release|x64
		{7F7D4563-F748-37EB-A87B-F58761B815F7}.Debug|x64.ActiveCfg = Debug|x64
		{7F7D4563-F748-37EB-A87B-F58761B815F7}.Debug|x64.Build.0 = Debug|x64
		{7F7D4563-F748-37EB-A87B-F58761B815F7}.Release|x64.ActiveCfg = Release|x64
		{7F7D4563-F748-37EB-A87B-F58761B815F7}.Release|x64.Build.0 = Release|x64
		{29640686-3FF3-38AD-B24A-574D997C2CDD}.Debug|x64.ActiveCfg = Debug|x64
		{29640686-3FF3-38AD-B24A-574D997C2CDD}.Debug|x64.Build.0 = Debug|x64
		{29640686-3FF3-38AD-B24A-574D997C2CDD}.Release|x64.ActiveCfg = Release|x64
		{29640686-3FF3-38AD-B24A-574D997C2CDD}.Release|x64.Build.0 = Release|x64
		{F8FF008B-7ACD-3C61-B128-33F65AB2AA78}.Debug|x64.ActiveCfg = Debug|x64
		{F8FF008B-7ACD-3C61-B128-33F65AB2AA78}.Debug|x64.Build.0 = Debug|x64
		{F8FF008B-7ACD-3C61-B128-33F65AB2AA78}.Release|x64.ActiveCfg = Release|x64
		{F8FF008B-7ACD-3C61-B128-33F65AB2AA78}.Release|x64.Build.0 = Release|x64
		{A81FEA99-6533-3360-B13D-1E76EA440AF2}.Debug|x64.ActiveCfg = Debug|x64
		{A81FEA99-6533-3360-B13D-1E76EA440AF2}.Debug|x64.Build.0 = Debug|x64
		{A81FEA99-6533-3360-B13D-1E76EA440AF2}.Release|x64.ActiveCfg = Release|x64
		{A81FEA99-6533-3360-B13D-1E76EA440AF2}.Release|x64.Build.0 = Release|x64
		{85040741-F240-354C-B89F-3737D7365B00}.Debug|x64.ActiveCfg = Debug|x64
		{85040741-F240-354C-B89F-3737D7365B00}.Debug|x64.Build.0 = Debug|x64
		{85040741-F240-354C-B89F-3737D7365B00}.Release|x64.ActiveCfg = Release|x64
		{85040741-F240-354C-B89F-3737D7365B00}.Release|x64.Build.0 = Release|x64
		{A33932B4-6B0D-3ECB-9E30-4DF0E0FDE87E}.Debug|x64.ActiveCfg = Debug|x64
		{A33932B4-6B0D-3ECB-9E30-4DF0E0FDE87E}.Debug|x64.Build.0 = Debug|x64
		{A33932B4-6B0D-3ECB-9E30-4DF0E0FDE87E}.Release|x64.ActiveCfg = Release|x64
		{A33932B4-6B0D-3ECB-9E30-4DF0E0FDE87E}.Release|x64.Build.0 = Release|x64
		{FA612598-5A76-3586-882A-CA2828D63D70}.Debug|x64.ActiveCfg = Debug|x64
		{FA612598-5A76-3586-882A-CA2828D63D70}.Debug|x64.Build.0 = Debug|x64
		{FA612598-5A76-3586-882A-CA2828D63D70}.Release|x64.ActiveCfg = Release|x64
		{FA612598-5A76-3586-882A-CA2828D63D70}.Release|x64.Build.0 = Release|x64
		{5A77AD54-FFEC-3D91-93A7-620CA29AEEB5}.Debug|x64.ActiveCfg = Debug|x64
		{5A77AD54-FFEC-3D91-93A7-620CA29AEEB5}.Debug|x64.Build.0 = Debug|x64
		{5A77AD54-FFEC-3D91-93A7-620CA29AEEB5}.Release|x64.ActiveCfg = Release|x64
		{5A77AD54-FFEC-3D91-93A7-620CA29AEEB5}.Release|x64.Build.0 = Release|x64
		{1E400493-74A8-3A88-BA60-C84BC6F30585}.Debug|x64.ActiveCfg = Debug|x64
		{1E400493-74A8-3A88-BA60-C84BC6F30585}.Debug|x64.Build.0 = Debug|x64
		{1E400493-74A8-3A88-BA60-C84BC6F30585}.Release|x64.ActiveCfg = Release|x64
		{1E400493-74A8-3A88-BA60-C84BC6F30585}.Release|x64.Build.0 = Release|x64
		{18652706-1668-3C20-99F6-8DA07C0069C2}.Debug|x64.ActiveCfg = Debug|x64
		{18652706-1668-3C20-99F6-8DA07C0069C2}.Debug|x64.Build.0 = Debug|x64
		{18652706-1668-3C20-99F6-8DA07C0069C2}.Release|x64.ActiveCfg = Release|x64
		{18652706-1668-3C20-99F6-8DA07C0069C2}.Release|x64.Build.0 = Release|x64
		{BEC8E80E-6C2E-3820-BB5D-0ED0149C2490}.Debug|x64.ActiveCfg = Debug|x64
		{BEC8E80E-6C2E-3820-BB5D-0ED0149C2490}.Debug|x64.Build.0 = Debug|x64
		{BEC8E80E-6C2E-3820-BB5D-0ED0149C2490}.Release|x64.ActiveCfg = Release|x64
		{BEC8E80E-6C2E-3820-BB5D-0ED0149C2490}.Release|x64.Build.0 = Release|x64
		{FA2C4016-EBF6-3048-BD28-5A854B448DCF}.Debug|x64.ActiveCfg = Debug|x64
		{FA2C4016-EBF6-3048-BD28-5A854B448DCF}.Debug|x64.Build.0 = Debug|x64
		{FA2C4016-EBF6-3048-BD28-5A854B448DCF}.Release|x64.ActiveCfg = Release|x64
		{FA2C4016-EBF6-3048-BD28-5A854B448DCF}.Release|x64.Build.0 = Release|x64
		{9361BEE2-2EF9-358A-80B0-A016CFA511C3}.Debug|x64.ActiveCfg = Debug|x64
		{9361BEE2-2EF9-358A-80B0-A016CFA511C3}.Debug|x64.Build.0 = Debug|x64
		{9361BEE2-2EF9-358A-80B0-A016CFA511C3}.Release|x64.ActiveCfg = Release|x64
		{9361BEE2-2EF9-358A-80B0-A016CFA511C3}.Release|x64.Build.0 = Release|x64
		{622495B9-E6A2-3A7A-B8BA-3B05D8BB85C3}.Debug|x64.ActiveCfg = Debug|x64
		{622495B9-E6A2-3A7A-B8BA-3B05D8BB85C3}.Debug|x64.Build.0 = Debug|x64
		{622495B9-E6A2-3A7A-B8BA-3B05D8BB85C3}.Release|x64.ActiveCfg = Release|x64
		{622495B9-E6A2-3A7A-B8BA-3B05D8BB85C3}.Release|x64.Build.0 = Release|x64
		{C0EFE0A5-ED10-3555-B66F-3CF7E5F70F1D}.Debug|x64.ActiveCfg = Debug|x64
		{C0EFE0A5-ED10-3555-B66F-3CF7E5F70F1D}.Debug|x64.Build.0 = Debug|x64
		{C0EFE0A5-ED10-3555-B66F-3CF7E5F70F1D}.Release|x64.ActiveCfg = Release|x64
		{C0EFE0A5-ED10-3555-B66F-3CF7E5F70F1D}.Release|x64.Build.0 = Release|x64
		{DF7F109C-F20E-3CE1-B1ED-25E5838FB0F0}.Debug|x64.ActiveCfg = Debug|x64
		{DF7F109C-F20E-3CE1-B1ED-25E5838FB0F0}.Debug|x64.Build.0 = Debug|x64
		{DF7F109C-F20E-3CE1-B1ED-25E5838FB0F0}.Release|x64.ActiveCfg = Release|x64
		{DF7F109C-F20E-3CE1-B1ED-25E5838FB0F0}.Release|x64.Build.0 = Release|x64
		{4BAE8E91-BAB5-3AFD-87BC-7DDEE172F634}.Debug|x64.ActiveCfg = Debug|x64
		{4BAE8E91-BAB5-3AFD-87BC-7DDEE172F634}.Debug|x64.Build.0 = Debug|x64
		{4BAE8E91-BAB5-3AFD-87BC-7DDEE172F634}.Release|x64.ActiveCfg = Release|x64
		{4BAE8E91-BAB5-3AFD-87BC-7DDEE172F634}.Release|x64.Build.0 = Release|x64
		{EA8645FC-DC06-3AEA-AA8E-872E77DC49E1}.Debug|x64.ActiveCfg = Debug|x64
		{EA8645FC-DC06-3AEA-AA8E-872E77DC49E1}.Debug|x64.Build.0 = Debug|x64
		{EA8645FC-DC06-3AEA-AA8E-872E77DC49E1}.Release|x64.ActiveCfg = Release|x64
		{EA8645FC-DC06-3AEA-AA8E-872E77DC49E1}.Release|x64.Build.0 = Release|x64
		{7CE7BDFD-7CB9-3306-BC0C-65AD84F795CE}.Debug|x64.ActiveCfg = Debug|x64
		{7CE7BDFD-7CB9-3306-BC0C-65AD84F795CE}.Debug|x64.Build.0 = Debug|x64
		{7CE7BDFD-7CB9-3306-BC0C-65AD84F795CE}.Release|x64.ActiveCfg = Release|x64
		{7CE7BDFD-7CB9-3306-BC0C-65AD84F795CE}.Release|x64.Build.0 = Release|x64
		{9F871971-616D-36E4-B5F1-AD2FCB598F87}.Debug|x64.ActiveCfg = Debug|x64
		{9F871971-616D-36E4-B5F1-AD2FCB598F87}.Debug|x64.Build.0 = Debug|x64
		{9F871971-616D-36E4-B5F1-AD2FCB598F87}.Release|x64.ActiveCfg = Release|x64
		{9F871971-616D-36E4-B5F1-AD2FCB598F87}.Release|x64.Build.0 = Release|x64
		{255DC233-A200-3494-A9FC-96899452394E}.Debug|x64.ActiveCfg = Debug|x64
		{255DC233-A200-3494-A9FC-96899452394E}.Debug|x64.Build.0 = Debug|x64
		{255DC233-A200-3494-A9FC-96899452394E}.Release|x64.ActiveCfg = Release|x64
		{255DC233-A200-3494-A9FC-96899452394E}.Release|x64.Build.0 = Release|x64
		{C3AD0EF7-AC36-34F1-9699-1F640D8C9889}.Debug|x64.ActiveCfg = Debug|x64
		{C3AD0EF7-AC36-34F1-9699-1F640D8C9889}.Debug|x64.Build.0 = Debug|x64
		{C3AD0EF7-AC36-34F1-9699-1F640D8C9889}.Release|x64.ActiveCfg = Release|x64
		{C3AD0EF7-AC36-34F1-9699-1F640D8C9889}.Release|x64.Build.0 = Release|x64
		{89DC3EA3-9065-4245-9DEE-2DE898409964}.Debug|x64.ActiveCfg = Debug|x64
		{89DC3EA3-9065-4245-9DEE-2DE898409964}.Debug|x64.Build.0 = Debug|x64
		{89DC3EA3-9065-4245-9DEE-2DE898409964}.Release|x64.ActiveCfg = Release|x64
		{89DC3EA3-9065-4245-9DEE-2DE898409964}.Release|x64.Build.0 = Release|x64
		{44DCE50D-1E7A-3B6C-9F01-BD94A7350BB1}.Debug|x64.ActiveCfg = Debug|x64
		{44DCE50D-1E7A-3B6C-9F01-BD94A7350BB1}.Debug|x64.Build.0 = Debug|x64
		{44DCE50D-1E7A-3B6C-9F01-BD94A7350BB1}.Release|x64.ActiveCfg = Release|x64
		{44DCE50D-1E7A-3B6C-9F01-BD94A7350BB1}.Release|x64.Build.0 = Release|x64
		{10C3D04C-4BC4-308E-8035-B765ED1DC8B7}.Debug|x64.ActiveCfg = Debug|x64
		{10C3D04C-4BC4-308E-8035-B765ED1DC8B7}.Debug|x64.Build.0 = Debug|x64
		{10C3D04C-4BC4-308E-8035-B765ED1DC8B7}.Release|x64.ActiveCfg = Release|x64
		{10C3D04C-4BC4-308E-8035-B765ED1DC8B7}.Release|x64.Build.0 = Release|x64
	EndGlobalSection
	GlobalSection(SolutionProperties) = preSolution
		HideSolutionNode = FALSE
	EndGlobalSection
	GlobalSection(NestedProjects) = preSolution
		{FB564D34-925D-33A2-B4B8-EF7340A93927} = {2C5F7BFD-21FB-4B7D-8300-9114C683C670}
		{3A18E81E-089E-3B62-8EC3-B21E825BC31D} = {758E6BA8-077B-4257-A80A-B0CCEED2CF68}
		{C8E32C3A-BA2E-3156-92DE-505099279A96} = {758E6BA8-077B-4257-A80A-B0CCEED2CF68}
		{202847C7-EC92-335A-9D54-210DCB15C46E} = {758E6BA8-077B-4257-A80A-B0CCEED2CF68}
		{B69EE0D5-07A0-331D-8219-0599B1CA37AB} = {758E6BA8-077B-4257-A80A-B0CCEED2CF68}
		{428EEEA7-8013-3FE5-BB6F-9D977D06B86E} = {758E6BA8-077B-4257-A80A-B0CCEED2CF68}
		{F1034F82-587C-34EE-9458-F3E37CE7C9AB} = {65125713-DF30-4AE0-B2AE-81D838CA9424}
		{1FC3A2A6-B00D-3EAE-AE16-B5A3C9FD2306} = {65125713-DF30-4AE0-B2AE-81D838CA9424}
		{3F3F7610-968F-3031-82C1-0A41C060D93F} = {2C5F7BFD-21FB-4B7D-8300-9114C683C670}
		{7C5E7040-918A-3CF4-80A3-F063F6F896DB} = {758E6BA8-077B-4257-A80A-B0CCEED2CF68}
		{B3FF9C2A-5B61-35D2-A9FC-ACE0FA4093EC} = {65125713-DF30-4AE0-B2AE-81D838CA9424}
		{6EC3B31D-FAA5-33FF-B6B6-147FFBD5063B} = {65125713-DF30-4AE0-B2AE-81D838CA9424}
		{C09F7105-BE9F-382F-B1BA-BB3E14787A00} = {65125713-DF30-4AE0-B2AE-81D838CA9424}
		{99688869-8502-3281-A923-EE16A6C9E418} = {758E6BA8-077B-4257-A80A-B0CCEED2CF68}
		{5B9A7C20-8244-3F4E-BA44-5FFA0941F7BA} = {65125713-DF30-4AE0-B2AE-81D838CA9424}
		{37AC332F-F4F1-39FF-A5C2-58D304D29669} = {758E6BA8-077B-4257-A80A-B0CCEED2CF68}
		{DCE0DC14-DBF0-3A58-9DC0-A07530904879} = {758E6BA8-077B-4257-A80A-B0CCEED2CF68}
		{7F7D4563-F748-37EB-A87B-F58761B815F7} = {758E6BA8-077B-4257-A80A-B0CCEED2CF68}
		{29640686-3FF3-38AD-B24A-574D997C2CDD} = {758E6BA8-077B-4257-A80A-B0CCEED2CF68}
		{F8FF008B-7ACD-3C61-B128-33F65AB2AA78} = {758E6BA8-077B-4257-A80A-B0CCEED2CF68}
		{A81FEA99-6533-3360-B13D-1E76EA440AF2} = {65125713-DF30-4AE0-B2AE-81D838CA9424}
		{85040741-F240-354C-B89F-3737D7365B00} = {2C5F7BFD-21FB-4B7D-8300-9114C683C670}
		{A33932B4-6B0D-3ECB-9E30-4DF0E0FDE87E} = {2C5F7BFD-21FB-4B7D-8300-9114C683C670}
		{FA612598-5A76-3586-882A-CA2828D63D70} = {2C5F7BFD-21FB-4B7D-8300-9114C683C670}
		{5A77AD54-FFEC-3D91-93A7-620CA29AEEB5} = {2C5F7BFD-21FB-4B7D-8300-9114C683C670}
		{1E400493-74A8-3A88-BA60-C84BC6F30585} = {65125713-DF30-4AE0-B2AE-81D838CA9424}
		{18652706-1668-3C20-99F6-8DA07C0069C2} = {65125713-DF30-4AE0-B2AE-81D838CA9424}
		{BEC8E80E-6C2E-3820-BB5D-0ED0149C2490} = {65125713-DF30-4AE0-B2AE-81D838CA9424}
		{FA2C4016-EBF6-3048-BD28-5A854B448DCF} = {65125713-DF30-4AE0-B2AE-81D838CA9424}
		{9361BEE2-2EF9-358A-80B0-A016CFA511C3} = {65125713-DF30-4AE0-B2AE-81D838CA9424}
		{622495B9-E6A2-3A7A-B8BA-3B05D8BB85C3} = {65125713-DF30-4AE0-B2AE-81D838CA9424}
		{C0EFE0A5-ED10-3555-B66F-3CF7E5F70F1D} = {65125713-DF30-4AE0-B2AE-81D838CA9424}
		{DF7F109C-F20E-3CE1-B1ED-25E5838FB0F0} = {65125713-DF30-4AE0-B2AE-81D838CA9424}
		{4BAE8E91-BAB5-3AFD-87BC-7DDEE172F634} = {65125713-DF30-4AE0-B2AE-81D838CA9424}
		{EA8645FC-DC06-3AEA-AA8E-872E77DC49E1} = {65125713-DF30-4AE0-B2AE-81D838CA9424}
		{7CE7BDFD-7CB9-3306-BC0C-65AD84F795CE} = {65125713-DF30-4AE0-B2AE-81D838CA9424}
		{9F871971-616D-36E4-B5F1-AD2FCB598F87} = {65125713-DF30-4AE0-B2AE-81D838CA9424}
		{255DC233-A200-3494-A9FC-96899452394E} = {65125713-DF30-4AE0-B2AE-81D838CA9424}
		{DA1DD851-34D8-4759-A739-3976AB5D2434} = {AF809F91-F94C-4656-9E04-BB38B4BF0F0E}
		{D590A306-EF1A-4BD0-948B-0927FE3F30A6} = {AF809F91-F94C-4656-9E04-BB38B4BF0F0E}
		{43ED717D-5E85-41A5-B6A6-A545BC7569B9} = {AF809F91-F94C-4656-9E04-BB38B4BF0F0E}
		{65125713-DF30-4AE0-B2AE-81D838CA9424} = {1B1F1C50-3F85-440A-ABD2-6A06905ED230}
		{758E6BA8-077B-4257-A80A-B0CCEED2CF68} = {1B1F1C50-3F85-440A-ABD2-6A06905ED230}
		{2C5F7BFD-21FB-4B7D-8300-9114C683C670} = {1B1F1C50-3F85-440A-ABD2-6A06905ED230}
		{C3AD0EF7-AC36-34F1-9699-1F640D8C9889} = {D590A306-EF1A-4BD0-948B-0927FE3F30A6}
		{89DC3EA3-9065-4245-9DEE-2DE898409964} = {D590A306-EF1A-4BD0-948B-0927FE3F30A6}
		{44DCE50D-1E7A-3B6C-9F01-BD94A7350BB1} = {DA1DD851-34D8-4759-A739-3976AB5D2434}
		{10C3D04C-4BC4-308E-8035-B765ED1DC8B7} = {43ED717D-5E85-41A5-B6A6-A545BC7569B9}
	EndGlobalSection
	GlobalSection(ExtensibilityGlobals) = postSolution
		SolutionGuid = {377AA36F-0E72-3F15-9C5F-792876511C51}
	EndGlobalSection
EndGlobal
