
Microsoft Visual Studio Solution File, Format Version 12.00
# Visual Studio 15
VisualStudioVersion = 15.0.28307.2092
MinimumVisualStudioVersion = 10.0.40219.1
Project("{2150E333-8FDC-42A3-9474-1A3956D46DE8}") = "0_thirdparty", "0_thirdparty", "{EBBBC5AB-E662-45E5-BA81-FB445F6B829F}"
EndProject
Project("{2150E333-8FDC-42A3-9474-1A3956D46DE8}") = "1_demo", "1_demo", "{0308EA3F-36B3-4A2E-90E4-87AFE8A14130}"
EndProject
Project("{2150E333-8FDC-42A3-9474-1A3956D46DE8}") = "0_lib", "0_lib", "{19B426CD-4526-4ACC-9082-9ABCC19B86C2}"
EndProject
Project("{2150E333-8FDC-42A3-9474-1A3956D46DE8}") = "1_dll", "1_dll", "{C63D3535-4AC0-4454-B875-FA37F80BC626}"
EndProject
Project("{8BC9CEB8-8B4A-11D0-8D11-00A0C91BC942}") = "libtiff", "thirdparty\tiff-4.4.0\libtiff_linux.vcxproj", "{791642ED-9E59-4F42-927B-3562F869D9C1}"
EndProject
Project("{8BC9CEB8-8B4A-11D0-8D11-00A0C91BC942}") = "libport", "thirdparty\tiff-4.4.0\port\libport_linux.vcxproj", "{45B3F3A4-ADA7-49E5-BE9C-D8AA5352C64A}"
EndProject
Project("{8BC9CEB8-8B4A-11D0-8D11-00A0C91BC942}") = "tiff", "thirdparty\tiff-4.4.0\tiff_linux.vcxproj", "{B3D12233-9673-4CE5-A799-2C2124912D09}"
EndProject
Project("{2150E333-8FDC-42A3-9474-1A3956D46DE8}") = "2_exe", "2_exe", "{F807F72B-B3A8-4785-8241-AB8939D5FB2B}"
EndProject
Project("{8BC9CEB8-8B4A-11D0-8D11-00A0C91BC942}") = "mkg3states", "thirdparty\tiff-4.4.0\mkg3states_linux.vcxproj", "{07319FEE-3F66-4F30-9E28-7CA992BA01F8}"
EndProject
Project("{2150E333-8FDC-42A3-9474-1A3956D46DE8}") = "contrib", "contrib", "{4A9BA1CB-6DF7-4807-BE9D-8ED8B4FDBD57}"
EndProject
Project("{2150E333-8FDC-42A3-9474-1A3956D46DE8}") = "test", "test", "{C5B3037C-F44E-4532-A7F0-4F76D98A47E7}"
EndProject
Project("{2150E333-8FDC-42A3-9474-1A3956D46DE8}") = "tools", "tools", "{00400A7A-6D2A-441B-8ADB-EC840E246D33}"
EndProject
Project("{8BC9CEB8-8B4A-11D0-8D11-00A0C91BC942}") = "addtiffo", "demo\contrib\addtiffo\addtiffo_linux.vcxproj", "{0E01DB87-D436-4118-9C78-929534FD2003}"
EndProject
Project("{8BC9CEB8-8B4A-11D0-8D11-00A0C91BC942}") = "iptcutil", "demo\contrib\iptcutil\iptcutil_linux.vcxproj", "{1040F826-2158-40EB-8AFA-C89ACD98494E}"
EndProject
Project("{8BC9CEB8-8B4A-11D0-8D11-00A0C91BC942}") = "tiff-bi", "demo\contrib\dbs\tiff-bi_linux.vcxproj", "{F9080A03-EDCF-4879-A43F-BDE01F5D67DD}"
EndProject
Project("{8BC9CEB8-8B4A-11D0-8D11-00A0C91BC942}") = "tiff-grayscale", "demo\contrib\dbs\tiff-grayscale_linux.vcxproj", "{21ED1E50-2C17-4EA8-A03A-0B2BC70AB4AA}"
EndProject
Project("{8BC9CEB8-8B4A-11D0-8D11-00A0C91BC942}") = "tiff-palette", "demo\contrib\dbs\tiff-palette_linux.vcxproj", "{BF1D72C6-396A-406F-A49B-028AB257481C}"
EndProject
Project("{8BC9CEB8-8B4A-11D0-8D11-00A0C91BC942}") = "tiff-rgb", "demo\contrib\dbs\tiff-rgb_linux.vcxproj", "{47C065C0-E420-4ECA-BA46-B62C39A3E6C2}"
EndProject
Project("{8BC9CEB8-8B4A-11D0-8D11-00A0C91BC942}") = "ascii_tag", "demo\test\ascii_tag_linux.vcxproj", "{DF6594E1-C0F9-42E3-B437-40D325BC60C4}"
EndProject
Project("{8BC9CEB8-8B4A-11D0-8D11-00A0C91BC942}") = "custom_dir_EXIF_231", "demo\test\custom_dir_EXIF_231_linux.vcxproj", "{C57C96BD-4D77-4ED9-BC58-99D331A3ED3C}"
EndProject
Project("{8BC9CEB8-8B4A-11D0-8D11-00A0C91BC942}") = "custom_dir", "demo\test\custom_dir_linux.vcxproj", "{F2300CDA-BD1D-4146-BF1D-D68FE3845FEF}"
EndProject
Project("{8BC9CEB8-8B4A-11D0-8D11-00A0C91BC942}") = "defer_strile_loading", "demo\test\defer_strile_loading_linux.vcxproj", "{C3177C4E-A208-4E17-AAB3-75D4F32984B5}"
EndProject
Project("{8BC9CEB8-8B4A-11D0-8D11-00A0C91BC942}") = "defer_strile_writing", "demo\test\defer_strile_writing_linux.vcxproj", "{A3124F97-8A55-42BB-81C2-9051536D5FD1}"
EndProject
Project("{8BC9CEB8-8B4A-11D0-8D11-00A0C91BC942}") = "long_tag", "demo\test\long_tag_linux.vcxproj", "{9F6AEFD9-9D11-431E-A34A-94834D69D98B}"
EndProject
Project("{8BC9CEB8-8B4A-11D0-8D11-00A0C91BC942}") = "rewrite", "demo\test\rewrite_linux.vcxproj", "{C5569375-FCC4-409F-83DE-CAFE98C057D8}"
EndProject
Project("{8BC9CEB8-8B4A-11D0-8D11-00A0C91BC942}") = "short_tag", "demo\test\short_tag_linux.vcxproj", "{5BECD990-16DF-46E2-A189-132DDE20FA71}"
EndProject
Project("{8BC9CEB8-8B4A-11D0-8D11-00A0C91BC942}") = "strip_rw", "demo\test\strip_rw_linux.vcxproj", "{C6867693-893C-4D10-B8E6-3E032B88F95F}"
EndProject
Project("{8BC9CEB8-8B4A-11D0-8D11-00A0C91BC942}") = "test_directory", "demo\test\test_directory_linux.vcxproj", "{5108F98F-729F-4B59-B03A-7C73877520EB}"
EndProject
Project("{8BC9CEB8-8B4A-11D0-8D11-00A0C91BC942}") = "test_signed_tags", "demo\test\test_signed_tags_linux.vcxproj", "{BC7470AD-38B9-420A-B6C2-10A051656F73}"
EndProject
Project("{8BC9CEB8-8B4A-11D0-8D11-00A0C91BC942}") = "testtypes", "demo\test\testtypes_linux.vcxproj", "{0CB683CF-18E2-4981-9E21-8252E62AC3D2}"
EndProject
Project("{8BC9CEB8-8B4A-11D0-8D11-00A0C91BC942}") = "fax2ps", "demo\tools\fax2ps_linux.vcxproj", "{E55A1938-A8C9-4D70-BFC8-11CDFEF63995}"
EndProject
Project("{8BC9CEB8-8B4A-11D0-8D11-00A0C91BC942}") = "fax2tiff", "demo\tools\fax2tiff_linux.vcxproj", "{E9C66B1A-6959-4A83-AEB3-966F51686DCF}"
EndProject
Project("{8BC9CEB8-8B4A-11D0-8D11-00A0C91BC942}") = "pal2rgb", "demo\tools\pal2rgb_linux.vcxproj", "{92B3D3BE-0861-40A3-96B9-78B75D415417}"
EndProject
Project("{8BC9CEB8-8B4A-11D0-8D11-00A0C91BC942}") = "ppm2tiff", "demo\tools\ppm2tiff_linux.vcxproj", "{BB70D6EC-BB7C-4DA5-918B-E5165063DA85}"
EndProject
Project("{8BC9CEB8-8B4A-11D0-8D11-00A0C91BC942}") = "raw2tiff", "demo\tools\raw2tiff_linux.vcxproj", "{8601B877-4563-4ECA-A4DE-FB356708F30E}"
EndProject
Project("{8BC9CEB8-8B4A-11D0-8D11-00A0C91BC942}") = "rgb2ycbcr", "demo\tools\rgb2ycbcr_linux.vcxproj", "{2F15A5A7-C79F-44B9-8CB2-06BD165AC10A}"
EndProject
Project("{8BC9CEB8-8B4A-11D0-8D11-00A0C91BC942}") = "thumbnail", "demo\tools\thumbnail_linux.vcxproj", "{7DDD5753-048C-4CC5-B9EC-6351674D0C99}"
EndProject
Project("{8BC9CEB8-8B4A-11D0-8D11-00A0C91BC942}") = "tiff2bw", "demo\tools\tiff2bw_linux.vcxproj", "{DD14C8CF-FE1C-47C2-8232-337DC74488E9}"
EndProject
Project("{8BC9CEB8-8B4A-11D0-8D11-00A0C91BC942}") = "tiff2pdf", "demo\tools\tiff2pdf_linux.vcxproj", "{C45AD7A8-DCBD-4783-BA90-5F0E9FBCD569}"
EndProject
Project("{8BC9CEB8-8B4A-11D0-8D11-00A0C91BC942}") = "tiff2ps", "demo\tools\tiff2ps_linux.vcxproj", "{EE77DA23-3605-4607-B0B5-F028ADB4C3A4}"
EndProject
Project("{8BC9CEB8-8B4A-11D0-8D11-00A0C91BC942}") = "tiff2rgba", "demo\tools\tiff2rgba_linux.vcxproj", "{203F1D8A-1D5B-4BF1-80E8-A779795DAA9A}"
EndProject
Project("{8BC9CEB8-8B4A-11D0-8D11-00A0C91BC942}") = "tiffcmp", "demo\tools\tiffcmp_linux.vcxproj", "{C0652486-E7C2-4F0A-A966-70579685585C}"
EndProject
Project("{8BC9CEB8-8B4A-11D0-8D11-00A0C91BC942}") = "tiffcp", "demo\tools\tiffcp_linux.vcxproj", "{24E582EB-797E-4687-AD6D-96A720EDB28E}"
EndProject
Project("{8BC9CEB8-8B4A-11D0-8D11-00A0C91BC942}") = "tiffcrop", "demo\tools\tiffcrop_linux.vcxproj", "{4D639259-4348-4808-84F3-CDD32A2A8761}"
EndProject
Project("{8BC9CEB8-8B4A-11D0-8D11-00A0C91BC942}") = "tiffdither", "demo\tools\tiffdither_linux.vcxproj", "{5578B87E-66D9-4698-9F3C-6F40519DF788}"
EndProject
Project("{8BC9CEB8-8B4A-11D0-8D11-00A0C91BC942}") = "tiffdump", "demo\tools\tiffdump_linux.vcxproj", "{84E9C511-84F1-4456-8045-93980E641A19}"
EndProject
Project("{8BC9CEB8-8B4A-11D0-8D11-00A0C91BC942}") = "tiffinfo", "demo\tools\tiffinfo_linux.vcxproj", "{2A8AA5C7-5FD6-40D5-9A4C-932453780954}"
EndProject
Project("{8BC9CEB8-8B4A-11D0-8D11-00A0C91BC942}") = "tiffmedian", "demo\tools\tiffmedian_linux.vcxproj", "{AC0E3D26-25F8-4280-8DA1-C7A754F80F5E}"
EndProject
Project("{8BC9CEB8-8B4A-11D0-8D11-00A0C91BC942}") = "tiffset", "demo\tools\tiffset_linux.vcxproj", "{F5D68AA2-1119-4A96-B713-E1FBFCF3CBCB}"
EndProject
Project("{8BC9CEB8-8B4A-11D0-8D11-00A0C91BC942}") = "tiffsplit", "demo\tools\tiffsplit_linux.vcxproj", "{7715545D-AA74-490D-AB17-2108B424F7C1}"
EndProject
Global
	GlobalSection(SolutionConfigurationPlatforms) = preSolution
		Debug|x64 = Debug|x64
		Release|x64 = Release|x64
	EndGlobalSection
	GlobalSection(ProjectConfigurationPlatforms) = postSolution
		{791642ED-9E59-4F42-927B-3562F869D9C1}.Debug|x64.ActiveCfg = Debug|x64
		{791642ED-9E59-4F42-927B-3562F869D9C1}.Debug|x64.Build.0 = Debug|x64
		{791642ED-9E59-4F42-927B-3562F869D9C1}.Release|x64.ActiveCfg = Release|x64
		{791642ED-9E59-4F42-927B-3562F869D9C1}.Release|x64.Build.0 = Release|x64
		{45B3F3A4-ADA7-49E5-BE9C-D8AA5352C64A}.Debug|x64.ActiveCfg = Debug|x64
		{45B3F3A4-ADA7-49E5-BE9C-D8AA5352C64A}.Debug|x64.Build.0 = Debug|x64
		{45B3F3A4-ADA7-49E5-BE9C-D8AA5352C64A}.Release|x64.ActiveCfg = Release|x64
		{45B3F3A4-ADA7-49E5-BE9C-D8AA5352C64A}.Release|x64.Build.0 = Release|x64
		{B3D12233-9673-4CE5-A799-2C2124912D09}.Debug|x64.ActiveCfg = Debug|x64
		{B3D12233-9673-4CE5-A799-2C2124912D09}.Debug|x64.Build.0 = Debug|x64
		{B3D12233-9673-4CE5-A799-2C2124912D09}.Release|x64.ActiveCfg = Release|x64
		{B3D12233-9673-4CE5-A799-2C2124912D09}.Release|x64.Build.0 = Release|x64
		{07319FEE-3F66-4F30-9E28-7CA992BA01F8}.Debug|x64.ActiveCfg = Debug|x64
		{07319FEE-3F66-4F30-9E28-7CA992BA01F8}.Debug|x64.Build.0 = Debug|x64
		{07319FEE-3F66-4F30-9E28-7CA992BA01F8}.Release|x64.ActiveCfg = Release|x64
		{07319FEE-3F66-4F30-9E28-7CA992BA01F8}.Release|x64.Build.0 = Release|x64
		{0E01DB87-D436-4118-9C78-929534FD2003}.Debug|x64.ActiveCfg = Debug|x64
		{0E01DB87-D436-4118-9C78-929534FD2003}.Debug|x64.Build.0 = Debug|x64
		{0E01DB87-D436-4118-9C78-929534FD2003}.Release|x64.ActiveCfg = Release|x64
		{0E01DB87-D436-4118-9C78-929534FD2003}.Release|x64.Build.0 = Release|x64
		{1040F826-2158-40EB-8AFA-C89ACD98494E}.Debug|x64.ActiveCfg = Debug|x64
		{1040F826-2158-40EB-8AFA-C89ACD98494E}.Debug|x64.Build.0 = Debug|x64
		{1040F826-2158-40EB-8AFA-C89ACD98494E}.Release|x64.ActiveCfg = Release|x64
		{1040F826-2158-40EB-8AFA-C89ACD98494E}.Release|x64.Build.0 = Release|x64
		{F9080A03-EDCF-4879-A43F-BDE01F5D67DD}.Debug|x64.ActiveCfg = Debug|x64
		{F9080A03-EDCF-4879-A43F-BDE01F5D67DD}.Debug|x64.Build.0 = Debug|x64
		{F9080A03-EDCF-4879-A43F-BDE01F5D67DD}.Release|x64.ActiveCfg = Release|x64
		{F9080A03-EDCF-4879-A43F-BDE01F5D67DD}.Release|x64.Build.0 = Release|x64
		{21ED1E50-2C17-4EA8-A03A-0B2BC70AB4AA}.Debug|x64.ActiveCfg = Debug|x64
		{21ED1E50-2C17-4EA8-A03A-0B2BC70AB4AA}.Debug|x64.Build.0 = Debug|x64
		{21ED1E50-2C17-4EA8-A03A-0B2BC70AB4AA}.Release|x64.ActiveCfg = Release|x64
		{21ED1E50-2C17-4EA8-A03A-0B2BC70AB4AA}.Release|x64.Build.0 = Release|x64
		{BF1D72C6-396A-406F-A49B-028AB257481C}.Debug|x64.ActiveCfg = Debug|x64
		{BF1D72C6-396A-406F-A49B-028AB257481C}.Debug|x64.Build.0 = Debug|x64
		{BF1D72C6-396A-406F-A49B-028AB257481C}.Release|x64.ActiveCfg = Release|x64
		{BF1D72C6-396A-406F-A49B-028AB257481C}.Release|x64.Build.0 = Release|x64
		{47C065C0-E420-4ECA-BA46-B62C39A3E6C2}.Debug|x64.ActiveCfg = Debug|x64
		{47C065C0-E420-4ECA-BA46-B62C39A3E6C2}.Debug|x64.Build.0 = Debug|x64
		{47C065C0-E420-4ECA-BA46-B62C39A3E6C2}.Release|x64.ActiveCfg = Release|x64
		{47C065C0-E420-4ECA-BA46-B62C39A3E6C2}.Release|x64.Build.0 = Release|x64
		{DF6594E1-C0F9-42E3-B437-40D325BC60C4}.Debug|x64.ActiveCfg = Debug|x64
		{DF6594E1-C0F9-42E3-B437-40D325BC60C4}.Debug|x64.Build.0 = Debug|x64
		{DF6594E1-C0F9-42E3-B437-40D325BC60C4}.Release|x64.ActiveCfg = Release|x64
		{DF6594E1-C0F9-42E3-B437-40D325BC60C4}.Release|x64.Build.0 = Release|x64
		{C57C96BD-4D77-4ED9-BC58-99D331A3ED3C}.Debug|x64.ActiveCfg = Debug|x64
		{C57C96BD-4D77-4ED9-BC58-99D331A3ED3C}.Debug|x64.Build.0 = Debug|x64
		{C57C96BD-4D77-4ED9-BC58-99D331A3ED3C}.Release|x64.ActiveCfg = Release|x64
		{C57C96BD-4D77-4ED9-BC58-99D331A3ED3C}.Release|x64.Build.0 = Release|x64
		{F2300CDA-BD1D-4146-BF1D-D68FE3845FEF}.Debug|x64.ActiveCfg = Debug|x64
		{F2300CDA-BD1D-4146-BF1D-D68FE3845FEF}.Debug|x64.Build.0 = Debug|x64
		{F2300CDA-BD1D-4146-BF1D-D68FE3845FEF}.Release|x64.ActiveCfg = Release|x64
		{F2300CDA-BD1D-4146-BF1D-D68FE3845FEF}.Release|x64.Build.0 = Release|x64
		{C3177C4E-A208-4E17-AAB3-75D4F32984B5}.Debug|x64.ActiveCfg = Debug|x64
		{C3177C4E-A208-4E17-AAB3-75D4F32984B5}.Debug|x64.Build.0 = Debug|x64
		{C3177C4E-A208-4E17-AAB3-75D4F32984B5}.Release|x64.ActiveCfg = Release|x64
		{C3177C4E-A208-4E17-AAB3-75D4F32984B5}.Release|x64.Build.0 = Release|x64
		{A3124F97-8A55-42BB-81C2-9051536D5FD1}.Debug|x64.ActiveCfg = Debug|x64
		{A3124F97-8A55-42BB-81C2-9051536D5FD1}.Debug|x64.Build.0 = Debug|x64
		{A3124F97-8A55-42BB-81C2-9051536D5FD1}.Release|x64.ActiveCfg = Release|x64
		{A3124F97-8A55-42BB-81C2-9051536D5FD1}.Release|x64.Build.0 = Release|x64
		{9F6AEFD9-9D11-431E-A34A-94834D69D98B}.Debug|x64.ActiveCfg = Debug|x64
		{9F6AEFD9-9D11-431E-A34A-94834D69D98B}.Debug|x64.Build.0 = Debug|x64
		{9F6AEFD9-9D11-431E-A34A-94834D69D98B}.Release|x64.ActiveCfg = Release|x64
		{9F6AEFD9-9D11-431E-A34A-94834D69D98B}.Release|x64.Build.0 = Release|x64
		{C5569375-FCC4-409F-83DE-CAFE98C057D8}.Debug|x64.ActiveCfg = Debug|x64
		{C5569375-FCC4-409F-83DE-CAFE98C057D8}.Debug|x64.Build.0 = Debug|x64
		{C5569375-FCC4-409F-83DE-CAFE98C057D8}.Release|x64.ActiveCfg = Release|x64
		{C5569375-FCC4-409F-83DE-CAFE98C057D8}.Release|x64.Build.0 = Release|x64
		{5BECD990-16DF-46E2-A189-132DDE20FA71}.Debug|x64.ActiveCfg = Debug|x64
		{5BECD990-16DF-46E2-A189-132DDE20FA71}.Debug|x64.Build.0 = Debug|x64
		{5BECD990-16DF-46E2-A189-132DDE20FA71}.Release|x64.ActiveCfg = Release|x64
		{5BECD990-16DF-46E2-A189-132DDE20FA71}.Release|x64.Build.0 = Release|x64
		{C6867693-893C-4D10-B8E6-3E032B88F95F}.Debug|x64.ActiveCfg = Debug|x64
		{C6867693-893C-4D10-B8E6-3E032B88F95F}.Debug|x64.Build.0 = Debug|x64
		{C6867693-893C-4D10-B8E6-3E032B88F95F}.Release|x64.ActiveCfg = Release|x64
		{C6867693-893C-4D10-B8E6-3E032B88F95F}.Release|x64.Build.0 = Release|x64
		{5108F98F-729F-4B59-B03A-7C73877520EB}.Debug|x64.ActiveCfg = Debug|x64
		{5108F98F-729F-4B59-B03A-7C73877520EB}.Debug|x64.Build.0 = Debug|x64
		{5108F98F-729F-4B59-B03A-7C73877520EB}.Release|x64.ActiveCfg = Release|x64
		{5108F98F-729F-4B59-B03A-7C73877520EB}.Release|x64.Build.0 = Release|x64
		{BC7470AD-38B9-420A-B6C2-10A051656F73}.Debug|x64.ActiveCfg = Debug|x64
		{BC7470AD-38B9-420A-B6C2-10A051656F73}.Debug|x64.Build.0 = Debug|x64
		{BC7470AD-38B9-420A-B6C2-10A051656F73}.Release|x64.ActiveCfg = Release|x64
		{BC7470AD-38B9-420A-B6C2-10A051656F73}.Release|x64.Build.0 = Release|x64
		{0CB683CF-18E2-4981-9E21-8252E62AC3D2}.Debug|x64.ActiveCfg = Debug|x64
		{0CB683CF-18E2-4981-9E21-8252E62AC3D2}.Debug|x64.Build.0 = Debug|x64
		{0CB683CF-18E2-4981-9E21-8252E62AC3D2}.Release|x64.ActiveCfg = Release|x64
		{0CB683CF-18E2-4981-9E21-8252E62AC3D2}.Release|x64.Build.0 = Release|x64
		{E55A1938-A8C9-4D70-BFC8-11CDFEF63995}.Debug|x64.ActiveCfg = Debug|x64
		{E55A1938-A8C9-4D70-BFC8-11CDFEF63995}.Debug|x64.Build.0 = Debug|x64
		{E55A1938-A8C9-4D70-BFC8-11CDFEF63995}.Release|x64.ActiveCfg = Release|x64
		{E55A1938-A8C9-4D70-BFC8-11CDFEF63995}.Release|x64.Build.0 = Release|x64
		{E9C66B1A-6959-4A83-AEB3-966F51686DCF}.Debug|x64.ActiveCfg = Debug|x64
		{E9C66B1A-6959-4A83-AEB3-966F51686DCF}.Debug|x64.Build.0 = Debug|x64
		{E9C66B1A-6959-4A83-AEB3-966F51686DCF}.Release|x64.ActiveCfg = Release|x64
		{E9C66B1A-6959-4A83-AEB3-966F51686DCF}.Release|x64.Build.0 = Release|x64
		{92B3D3BE-0861-40A3-96B9-78B75D415417}.Debug|x64.ActiveCfg = Debug|x64
		{92B3D3BE-0861-40A3-96B9-78B75D415417}.Debug|x64.Build.0 = Debug|x64
		{92B3D3BE-0861-40A3-96B9-78B75D415417}.Release|x64.ActiveCfg = Release|x64
		{92B3D3BE-0861-40A3-96B9-78B75D415417}.Release|x64.Build.0 = Release|x64
		{BB70D6EC-BB7C-4DA5-918B-E5165063DA85}.Debug|x64.ActiveCfg = Debug|x64
		{BB70D6EC-BB7C-4DA5-918B-E5165063DA85}.Debug|x64.Build.0 = Debug|x64
		{BB70D6EC-BB7C-4DA5-918B-E5165063DA85}.Release|x64.ActiveCfg = Release|x64
		{BB70D6EC-BB7C-4DA5-918B-E5165063DA85}.Release|x64.Build.0 = Release|x64
		{8601B877-4563-4ECA-A4DE-FB356708F30E}.Debug|x64.ActiveCfg = Debug|x64
		{8601B877-4563-4ECA-A4DE-FB356708F30E}.Debug|x64.Build.0 = Debug|x64
		{8601B877-4563-4ECA-A4DE-FB356708F30E}.Release|x64.ActiveCfg = Release|x64
		{8601B877-4563-4ECA-A4DE-FB356708F30E}.Release|x64.Build.0 = Release|x64
		{2F15A5A7-C79F-44B9-8CB2-06BD165AC10A}.Debug|x64.ActiveCfg = Debug|x64
		{2F15A5A7-C79F-44B9-8CB2-06BD165AC10A}.Debug|x64.Build.0 = Debug|x64
		{2F15A5A7-C79F-44B9-8CB2-06BD165AC10A}.Release|x64.ActiveCfg = Release|x64
		{2F15A5A7-C79F-44B9-8CB2-06BD165AC10A}.Release|x64.Build.0 = Release|x64
		{7DDD5753-048C-4CC5-B9EC-6351674D0C99}.Debug|x64.ActiveCfg = Debug|x64
		{7DDD5753-048C-4CC5-B9EC-6351674D0C99}.Debug|x64.Build.0 = Debug|x64
		{7DDD5753-048C-4CC5-B9EC-6351674D0C99}.Release|x64.ActiveCfg = Release|x64
		{7DDD5753-048C-4CC5-B9EC-6351674D0C99}.Release|x64.Build.0 = Release|x64
		{DD14C8CF-FE1C-47C2-8232-337DC74488E9}.Debug|x64.ActiveCfg = Debug|x64
		{DD14C8CF-FE1C-47C2-8232-337DC74488E9}.Debug|x64.Build.0 = Debug|x64
		{DD14C8CF-FE1C-47C2-8232-337DC74488E9}.Release|x64.ActiveCfg = Release|x64
		{DD14C8CF-FE1C-47C2-8232-337DC74488E9}.Release|x64.Build.0 = Release|x64
		{C45AD7A8-DCBD-4783-BA90-5F0E9FBCD569}.Debug|x64.ActiveCfg = Debug|x64
		{C45AD7A8-DCBD-4783-BA90-5F0E9FBCD569}.Debug|x64.Build.0 = Debug|x64
		{C45AD7A8-DCBD-4783-BA90-5F0E9FBCD569}.Release|x64.ActiveCfg = Release|x64
		{C45AD7A8-DCBD-4783-BA90-5F0E9FBCD569}.Release|x64.Build.0 = Release|x64
		{EE77DA23-3605-4607-B0B5-F028ADB4C3A4}.Debug|x64.ActiveCfg = Debug|x64
		{EE77DA23-3605-4607-B0B5-F028ADB4C3A4}.Debug|x64.Build.0 = Debug|x64
		{EE77DA23-3605-4607-B0B5-F028ADB4C3A4}.Release|x64.ActiveCfg = Release|x64
		{EE77DA23-3605-4607-B0B5-F028ADB4C3A4}.Release|x64.Build.0 = Release|x64
		{203F1D8A-1D5B-4BF1-80E8-A779795DAA9A}.Debug|x64.ActiveCfg = Debug|x64
		{203F1D8A-1D5B-4BF1-80E8-A779795DAA9A}.Debug|x64.Build.0 = Debug|x64
		{203F1D8A-1D5B-4BF1-80E8-A779795DAA9A}.Release|x64.ActiveCfg = Release|x64
		{203F1D8A-1D5B-4BF1-80E8-A779795DAA9A}.Release|x64.Build.0 = Release|x64
		{C0652486-E7C2-4F0A-A966-70579685585C}.Debug|x64.ActiveCfg = Debug|x64
		{C0652486-E7C2-4F0A-A966-70579685585C}.Debug|x64.Build.0 = Debug|x64
		{C0652486-E7C2-4F0A-A966-70579685585C}.Release|x64.ActiveCfg = Release|x64
		{C0652486-E7C2-4F0A-A966-70579685585C}.Release|x64.Build.0 = Release|x64
		{24E582EB-797E-4687-AD6D-96A720EDB28E}.Debug|x64.ActiveCfg = Debug|x64
		{24E582EB-797E-4687-AD6D-96A720EDB28E}.Debug|x64.Build.0 = Debug|x64
		{24E582EB-797E-4687-AD6D-96A720EDB28E}.Release|x64.ActiveCfg = Release|x64
		{24E582EB-797E-4687-AD6D-96A720EDB28E}.Release|x64.Build.0 = Release|x64
		{4D639259-4348-4808-84F3-CDD32A2A8761}.Debug|x64.ActiveCfg = Debug|x64
		{4D639259-4348-4808-84F3-CDD32A2A8761}.Debug|x64.Build.0 = Debug|x64
		{4D639259-4348-4808-84F3-CDD32A2A8761}.Release|x64.ActiveCfg = Release|x64
		{4D639259-4348-4808-84F3-CDD32A2A8761}.Release|x64.Build.0 = Release|x64
		{5578B87E-66D9-4698-9F3C-6F40519DF788}.Debug|x64.ActiveCfg = Debug|x64
		{5578B87E-66D9-4698-9F3C-6F40519DF788}.Debug|x64.Build.0 = Debug|x64
		{5578B87E-66D9-4698-9F3C-6F40519DF788}.Release|x64.ActiveCfg = Release|x64
		{5578B87E-66D9-4698-9F3C-6F40519DF788}.Release|x64.Build.0 = Release|x64
		{84E9C511-84F1-4456-8045-93980E641A19}.Debug|x64.ActiveCfg = Debug|x64
		{84E9C511-84F1-4456-8045-93980E641A19}.Debug|x64.Build.0 = Debug|x64
		{84E9C511-84F1-4456-8045-93980E641A19}.Release|x64.ActiveCfg = Release|x64
		{84E9C511-84F1-4456-8045-93980E641A19}.Release|x64.Build.0 = Release|x64
		{2A8AA5C7-5FD6-40D5-9A4C-932453780954}.Debug|x64.ActiveCfg = Debug|x64
		{2A8AA5C7-5FD6-40D5-9A4C-932453780954}.Debug|x64.Build.0 = Debug|x64
		{2A8AA5C7-5FD6-40D5-9A4C-932453780954}.Release|x64.ActiveCfg = Release|x64
		{2A8AA5C7-5FD6-40D5-9A4C-932453780954}.Release|x64.Build.0 = Release|x64
		{AC0E3D26-25F8-4280-8DA1-C7A754F80F5E}.Debug|x64.ActiveCfg = Debug|x64
		{AC0E3D26-25F8-4280-8DA1-C7A754F80F5E}.Debug|x64.Build.0 = Debug|x64
		{AC0E3D26-25F8-4280-8DA1-C7A754F80F5E}.Release|x64.ActiveCfg = Release|x64
		{AC0E3D26-25F8-4280-8DA1-C7A754F80F5E}.Release|x64.Build.0 = Release|x64
		{F5D68AA2-1119-4A96-B713-E1FBFCF3CBCB}.Debug|x64.ActiveCfg = Debug|x64
		{F5D68AA2-1119-4A96-B713-E1FBFCF3CBCB}.Debug|x64.Build.0 = Debug|x64
		{F5D68AA2-1119-4A96-B713-E1FBFCF3CBCB}.Release|x64.ActiveCfg = Release|x64
		{F5D68AA2-1119-4A96-B713-E1FBFCF3CBCB}.Release|x64.Build.0 = Release|x64
		{7715545D-AA74-490D-AB17-2108B424F7C1}.Debug|x64.ActiveCfg = Debug|x64
		{7715545D-AA74-490D-AB17-2108B424F7C1}.Debug|x64.Build.0 = Debug|x64
		{7715545D-AA74-490D-AB17-2108B424F7C1}.Release|x64.ActiveCfg = Release|x64
		{7715545D-AA74-490D-AB17-2108B424F7C1}.Release|x64.Build.0 = Release|x64
	EndGlobalSection
	GlobalSection(SolutionProperties) = preSolution
		HideSolutionNode = FALSE
	EndGlobalSection
	GlobalSection(NestedProjects) = preSolution
		{19B426CD-4526-4ACC-9082-9ABCC19B86C2} = {EBBBC5AB-E662-45E5-BA81-FB445F6B829F}
		{C63D3535-4AC0-4454-B875-FA37F80BC626} = {EBBBC5AB-E662-45E5-BA81-FB445F6B829F}
		{791642ED-9E59-4F42-927B-3562F869D9C1} = {19B426CD-4526-4ACC-9082-9ABCC19B86C2}
		{45B3F3A4-ADA7-49E5-BE9C-D8AA5352C64A} = {19B426CD-4526-4ACC-9082-9ABCC19B86C2}
		{B3D12233-9673-4CE5-A799-2C2124912D09} = {C63D3535-4AC0-4454-B875-FA37F80BC626}
		{F807F72B-B3A8-4785-8241-AB8939D5FB2B} = {EBBBC5AB-E662-45E5-BA81-FB445F6B829F}
		{07319FEE-3F66-4F30-9E28-7CA992BA01F8} = {F807F72B-B3A8-4785-8241-AB8939D5FB2B}
		{4A9BA1CB-6DF7-4807-BE9D-8ED8B4FDBD57} = {0308EA3F-36B3-4A2E-90E4-87AFE8A14130}
		{C5B3037C-F44E-4532-A7F0-4F76D98A47E7} = {0308EA3F-36B3-4A2E-90E4-87AFE8A14130}
		{00400A7A-6D2A-441B-8ADB-EC840E246D33} = {0308EA3F-36B3-4A2E-90E4-87AFE8A14130}
		{0E01DB87-D436-4118-9C78-929534FD2003} = {4A9BA1CB-6DF7-4807-BE9D-8ED8B4FDBD57}
		{1040F826-2158-40EB-8AFA-C89ACD98494E} = {4A9BA1CB-6DF7-4807-BE9D-8ED8B4FDBD57}
		{F9080A03-EDCF-4879-A43F-BDE01F5D67DD} = {4A9BA1CB-6DF7-4807-BE9D-8ED8B4FDBD57}
		{21ED1E50-2C17-4EA8-A03A-0B2BC70AB4AA} = {4A9BA1CB-6DF7-4807-BE9D-8ED8B4FDBD57}
		{BF1D72C6-396A-406F-A49B-028AB257481C} = {4A9BA1CB-6DF7-4807-BE9D-8ED8B4FDBD57}
		{47C065C0-E420-4ECA-BA46-B62C39A3E6C2} = {4A9BA1CB-6DF7-4807-BE9D-8ED8B4FDBD57}
		{DF6594E1-C0F9-42E3-B437-40D325BC60C4} = {C5B3037C-F44E-4532-A7F0-4F76D98A47E7}
		{C57C96BD-4D77-4ED9-BC58-99D331A3ED3C} = {C5B3037C-F44E-4532-A7F0-4F76D98A47E7}
		{F2300CDA-BD1D-4146-BF1D-D68FE3845FEF} = {C5B3037C-F44E-4532-A7F0-4F76D98A47E7}
		{C3177C4E-A208-4E17-AAB3-75D4F32984B5} = {C5B3037C-F44E-4532-A7F0-4F76D98A47E7}
		{A3124F97-8A55-42BB-81C2-9051536D5FD1} = {C5B3037C-F44E-4532-A7F0-4F76D98A47E7}
		{9F6AEFD9-9D11-431E-A34A-94834D69D98B} = {C5B3037C-F44E-4532-A7F0-4F76D98A47E7}
		{C5569375-FCC4-409F-83DE-CAFE98C057D8} = {C5B3037C-F44E-4532-A7F0-4F76D98A47E7}
		{5BECD990-16DF-46E2-A189-132DDE20FA71} = {C5B3037C-F44E-4532-A7F0-4F76D98A47E7}
		{C6867693-893C-4D10-B8E6-3E032B88F95F} = {C5B3037C-F44E-4532-A7F0-4F76D98A47E7}
		{5108F98F-729F-4B59-B03A-7C73877520EB} = {C5B3037C-F44E-4532-A7F0-4F76D98A47E7}
		{BC7470AD-38B9-420A-B6C2-10A051656F73} = {C5B3037C-F44E-4532-A7F0-4F76D98A47E7}
		{0CB683CF-18E2-4981-9E21-8252E62AC3D2} = {C5B3037C-F44E-4532-A7F0-4F76D98A47E7}
		{E55A1938-A8C9-4D70-BFC8-11CDFEF63995} = {00400A7A-6D2A-441B-8ADB-EC840E246D33}
		{E9C66B1A-6959-4A83-AEB3-966F51686DCF} = {00400A7A-6D2A-441B-8ADB-EC840E246D33}
		{92B3D3BE-0861-40A3-96B9-78B75D415417} = {00400A7A-6D2A-441B-8ADB-EC840E246D33}
		{BB70D6EC-BB7C-4DA5-918B-E5165063DA85} = {00400A7A-6D2A-441B-8ADB-EC840E246D33}
		{8601B877-4563-4ECA-A4DE-FB356708F30E} = {00400A7A-6D2A-441B-8ADB-EC840E246D33}
		{2F15A5A7-C79F-44B9-8CB2-06BD165AC10A} = {00400A7A-6D2A-441B-8ADB-EC840E246D33}
		{7DDD5753-048C-4CC5-B9EC-6351674D0C99} = {00400A7A-6D2A-441B-8ADB-EC840E246D33}
		{DD14C8CF-FE1C-47C2-8232-337DC74488E9} = {00400A7A-6D2A-441B-8ADB-EC840E246D33}
		{C45AD7A8-DCBD-4783-BA90-5F0E9FBCD569} = {00400A7A-6D2A-441B-8ADB-EC840E246D33}
		{EE77DA23-3605-4607-B0B5-F028ADB4C3A4} = {00400A7A-6D2A-441B-8ADB-EC840E246D33}
		{203F1D8A-1D5B-4BF1-80E8-A779795DAA9A} = {00400A7A-6D2A-441B-8ADB-EC840E246D33}
		{C0652486-E7C2-4F0A-A966-70579685585C} = {00400A7A-6D2A-441B-8ADB-EC840E246D33}
		{24E582EB-797E-4687-AD6D-96A720EDB28E} = {00400A7A-6D2A-441B-8ADB-EC840E246D33}
		{4D639259-4348-4808-84F3-CDD32A2A8761} = {00400A7A-6D2A-441B-8ADB-EC840E246D33}
		{5578B87E-66D9-4698-9F3C-6F40519DF788} = {00400A7A-6D2A-441B-8ADB-EC840E246D33}
		{84E9C511-84F1-4456-8045-93980E641A19} = {00400A7A-6D2A-441B-8ADB-EC840E246D33}
		{2A8AA5C7-5FD6-40D5-9A4C-932453780954} = {00400A7A-6D2A-441B-8ADB-EC840E246D33}
		{AC0E3D26-25F8-4280-8DA1-C7A754F80F5E} = {00400A7A-6D2A-441B-8ADB-EC840E246D33}
		{F5D68AA2-1119-4A96-B713-E1FBFCF3CBCB} = {00400A7A-6D2A-441B-8ADB-EC840E246D33}
		{7715545D-AA74-490D-AB17-2108B424F7C1} = {00400A7A-6D2A-441B-8ADB-EC840E246D33}
	EndGlobalSection
	GlobalSection(ExtensibilityGlobals) = postSolution
		SolutionGuid = {5806D430-DEB4-4E2B-8838-C80B410D7661}
	EndGlobalSection
EndGlobal
