
Microsoft Visual Studio Solution File, Format Version 12.00
# Visual Studio 15
VisualStudioVersion = 15.0.28307.2092
MinimumVisualStudioVersion = 10.0.40219.1
Project("{2150E333-8FDC-42A3-9474-1A3956D46DE8}") = "0_thirdparty", "0_thirdparty", "{EBBBC5AB-E662-45E5-BA81-FB445F6B829F}"
EndProject
Project("{2150E333-8FDC-42A3-9474-1A3956D46DE8}") = "1_demo", "1_demo", "{0308EA3F-36B3-4A2E-90E4-87AFE8A14130}"
EndProject
Project("{2150E333-8FDC-42A3-9474-1A3956D46DE8}") = "0_lib", "0_lib", "{19B426CD-4526-4ACC-9082-9ABCC19B86C2}"
EndProject
Project("{2150E333-8FDC-42A3-9474-1A3956D46DE8}") = "1_dll", "1_dll", "{C63D3535-4AC0-4454-B875-FA37F80BC626}"
EndProject
Project("{8BC9CEB8-8B4A-11D0-8D11-00A0C91BC942}") = "libtiff", "thirdparty\tiff-4.4.0\libtiff_linux.vcxproj", "{791642ED-9E59-4F42-927B-3562F869D9C1}"
EndProject
Project("{8BC9CEB8-8B4A-11D0-8D11-00A0C91BC942}") = "libport", "thirdparty\tiff-4.4.0\port\libport_linux.vcxproj", "{45B3F3A4-ADA7-49E5-BE9C-D8AA5352C64A}"
EndProject
Project("{8BC9CEB8-8B4A-11D0-8D11-00A0C91BC942}") = "tiff", "thirdparty\tiff-4.4.0\tiff_linux.vcxproj", "{B3D12233-9673-4CE5-A799-2C2124912D09}"
EndProject
Project("{2150E333-8FDC-42A3-9474-1A3956D46DE8}") = "2_exe", "2_exe", "{F807F72B-B3A8-4785-8241-AB8939D5FB2B}"
EndProject
Project("{8BC9CEB8-8B4A-11D0-8D11-00A0C91BC942}") = "mkg3states", "thirdparty\tiff-4.4.0\mkg3states_linux.vcxproj", "{07319FEE-3F66-4F30-9E28-7CA992BA01F8}"
EndProject
Project("{2150E333-8FDC-42A3-9474-1A3956D46DE8}") = "contrib", "contrib", "{4A9BA1CB-6DF7-4807-BE9D-8ED8B4FDBD57}"
EndProject
Project("{2150E333-8FDC-42A3-9474-1A3956D46DE8}") = "test", "test", "{C5B3037C-F44E-4532-A7F0-4F76D98A47E7}"
EndProject
Project("{2150E333-8FDC-42A3-9474-1A3956D46DE8}") = "tools", "tools", "{00400A7A-6D2A-441B-8ADB-EC840E246D33}"
EndProject
Project("{8BC9CEB8-8B4A-11D0-8D11-00A0C91BC942}") = "addtiffo", "demo\contrib\addtiffo\addtiffo_linux.vcxproj", "{0E01DB87-D436-4118-9C78-929534FD2003}"
EndProject
Project("{8BC9CEB8-8B4A-11D0-8D11-00A0C91BC942}") = "iptcutil", "demo\contrib\iptcutil\iptcutil_linux.vcxproj", "{1040F826-2158-40EB-8AFA-C89ACD98494E}"
EndProject
Project("{8BC9CEB8-8B4A-11D0-8D11-00A0C91BC942}") = "tiff-bi", "demo\contrib\dbs\tiff-bi_linux.vcxproj", "{F9080A03-EDCF-4879-A43F-BDE01F5D67DD}"
EndProject
Project("{8BC9CEB8-8B4A-11D0-8D11-00A0C91BC942}") = "tiff-grayscale", "demo\contrib\dbs\tiff-grayscale_linux.vcxproj", "{21ED1E50-2C17-4EA8-A03A-0B2BC70AB4AA}"
EndProject
Project("{8BC9CEB8-8B4A-11D0-8D11-00A0C91BC942}") = "tiff-palette", "demo\contrib\dbs\tiff-palette_linux.vcxproj", "{BF1D72C6-396A-406F-A49B-028AB257481C}"
EndProject
Project("{8BC9CEB8-8B4A-11D0-8D11-00A0C91BC942}") = "tiff-rgb", "demo\contrib\dbs\tiff-rgb_linux.vcxproj", "{47C065C0-E420-4ECA-BA46-B62C39A3E6C2}"
EndProject
Project("{8BC9CEB8-8B4A-11D0-8D11-00A0C91BC942}") = "ascii_tag", "demo\test\ascii_tag_linux.vcxproj", "{DF6594E1-C0F9-42E3-B437-40D325BC60C4}"
EndProject
Project("{8BC9CEB8-8B4A-11D0-8D11-00A0C91BC942}") = "custom_dir_EXIF_231", "demo\test\custom_dir_EXIF_231_linux.vcxproj", "{C57C96BD-4D77-4ED9-BC58-99D331A3ED3C}"
EndProject
Project("{8BC9CEB8-8B4A-11D0-8D11-00A0C91BC942}") = "custom_dir", "demo\test\custom_dir_linux.vcxproj", "{F2300CDA-BD1D-4146-BF1D-D68FE3845FEF}"
EndProject
Project("{8BC9CEB8-8B4A-11D0-8D11-00A0C91BC942}") = "defer_strile_loading", "demo\test\defer_strile_loading_linux.vcxproj", "{C3177C4E-A208-4E17-AAB3-75D4F32984B5}"
EndProject
Project("{8BC9CEB8-8B4A-11D0-8D11-00A0C91BC942}") = "defer_strile_writing", "demo\test\defer_strile_writing_linux.vcxproj", "{A3124F97-8A55-42BB-81C2-9051536D5FD1}"
EndProject
Project("{8BC9CEB8-8B4A-11D0-8D11-00A0C91BC942}") = "long_tag", "demo\test\long_tag_linux.vcxproj", "{9F6AEFD9-9D11-431E-A34A-94834D69D98B}"
EndProject
Project("{8BC9CEB8-8B4A-11D0-8D11-00A0C91BC942}") = "rewrite", "demo\test\rewrite_linux.vcxproj", "{C5569375-FCC4-409F-83DE-CAFE98C057D8}"
EndProject
Project("{8BC9CEB8-8B4A-11D0-8D11-00A0C91BC942}") = "short_tag", "demo\test\short_tag_linux.vcxproj", "{5BECD990-16DF-46E2-A189-132DDE20FA71}"
EndProject
Project("{8BC9CEB8-8B4A-11D0-8D11-00A0C91BC942}") = "strip_rw", "demo\test\strip_rw_linux.vcxproj", "{C6867693-893C-4D10-B8E6-3E032B88F95F}"
EndProject
Project("{8BC9CEB8-8B4A-11D0-8D11-00A0C91BC942}") = "test_directory", "demo\test\test_directory_linux.vcxproj", "{5108F98F-729F-4B59-B03A-7C73877520EB}"
EndProject
Project("{8BC9CEB8-8B4A-11D0-8D11-00A0C91BC942}") = "test_signed_tags", "demo\test\test_signed_tags_linux.vcxproj", "{BC7470AD-38B9-420A-B6C2-10A051656F73}"
EndProject
Project("{8BC9CEB8-8B4A-11D0-8D11-00A0C91BC942}") = "testtypes", "demo\test\testtypes_linux.vcxproj", "{0CB683CF-18E2-4981-9E21-8252E62AC3D2}"
EndProject
Global
	GlobalSection(SolutionConfigurationPlatforms) = preSolution
		Debug|x64 = Debug|x64
		Release|x64 = Release|x64
	EndGlobalSection
	GlobalSection(ProjectConfigurationPlatforms) = postSolution
		{791642ED-9E59-4F42-927B-3562F869D9C1}.Debug|x64.ActiveCfg = Debug|x64
		{791642ED-9E59-4F42-927B-3562F869D9C1}.Debug|x64.Build.0 = Debug|x64
		{791642ED-9E59-4F42-927B-3562F869D9C1}.Release|x64.ActiveCfg = Release|x64
		{791642ED-9E59-4F42-927B-3562F869D9C1}.Release|x64.Build.0 = Release|x64
		{45B3F3A4-ADA7-49E5-BE9C-D8AA5352C64A}.Debug|x64.ActiveCfg = Debug|x64
		{45B3F3A4-ADA7-49E5-BE9C-D8AA5352C64A}.Debug|x64.Build.0 = Debug|x64
		{45B3F3A4-ADA7-49E5-BE9C-D8AA5352C64A}.Release|x64.ActiveCfg = Release|x64
		{45B3F3A4-ADA7-49E5-BE9C-D8AA5352C64A}.Release|x64.Build.0 = Release|x64
		{B3D12233-9673-4CE5-A799-2C2124912D09}.Debug|x64.ActiveCfg = Debug|x64
		{B3D12233-9673-4CE5-A799-2C2124912D09}.Debug|x64.Build.0 = Debug|x64
		{B3D12233-9673-4CE5-A799-2C2124912D09}.Release|x64.ActiveCfg = Release|x64
		{B3D12233-9673-4CE5-A799-2C2124912D09}.Release|x64.Build.0 = Release|x64
		{07319FEE-3F66-4F30-9E28-7CA992BA01F8}.Debug|x64.ActiveCfg = Debug|x64
		{07319FEE-3F66-4F30-9E28-7CA992BA01F8}.Debug|x64.Build.0 = Debug|x64
		{07319FEE-3F66-4F30-9E28-7CA992BA01F8}.Release|x64.ActiveCfg = Release|x64
		{07319FEE-3F66-4F30-9E28-7CA992BA01F8}.Release|x64.Build.0 = Release|x64
		{0E01DB87-D436-4118-9C78-929534FD2003}.Debug|x64.ActiveCfg = Debug|x64
		{0E01DB87-D436-4118-9C78-929534FD2003}.Debug|x64.Build.0 = Debug|x64
		{0E01DB87-D436-4118-9C78-929534FD2003}.Release|x64.ActiveCfg = Release|x64
		{0E01DB87-D436-4118-9C78-929534FD2003}.Release|x64.Build.0 = Release|x64
		{1040F826-2158-40EB-8AFA-C89ACD98494E}.Debug|x64.ActiveCfg = Debug|x64
		{1040F826-2158-40EB-8AFA-C89ACD98494E}.Debug|x64.Build.0 = Debug|x64
		{1040F826-2158-40EB-8AFA-C89ACD98494E}.Release|x64.ActiveCfg = Release|x64
		{1040F826-2158-40EB-8AFA-C89ACD98494E}.Release|x64.Build.0 = Release|x64
		{F9080A03-EDCF-4879-A43F-BDE01F5D67DD}.Debug|x64.ActiveCfg = Debug|x64
		{F9080A03-EDCF-4879-A43F-BDE01F5D67DD}.Debug|x64.Build.0 = Debug|x64
		{F9080A03-EDCF-4879-A43F-BDE01F5D67DD}.Release|x64.ActiveCfg = Release|x64
		{F9080A03-EDCF-4879-A43F-BDE01F5D67DD}.Release|x64.Build.0 = Release|x64
		{21ED1E50-2C17-4EA8-A03A-0B2BC70AB4AA}.Debug|x64.ActiveCfg = Debug|x64
		{21ED1E50-2C17-4EA8-A03A-0B2BC70AB4AA}.Debug|x64.Build.0 = Debug|x64
		{21ED1E50-2C17-4EA8-A03A-0B2BC70AB4AA}.Release|x64.ActiveCfg = Release|x64
		{21ED1E50-2C17-4EA8-A03A-0B2BC70AB4AA}.Release|x64.Build.0 = Release|x64
		{BF1D72C6-396A-406F-A49B-028AB257481C}.Debug|x64.ActiveCfg = Debug|x64
		{BF1D72C6-396A-406F-A49B-028AB257481C}.Debug|x64.Build.0 = Debug|x64
		{BF1D72C6-396A-406F-A49B-028AB257481C}.Release|x64.ActiveCfg = Release|x64
		{BF1D72C6-396A-406F-A49B-028AB257481C}.Release|x64.Build.0 = Release|x64
		{47C065C0-E420-4ECA-BA46-B62C39A3E6C2}.Debug|x64.ActiveCfg = Debug|x64
		{47C065C0-E420-4ECA-BA46-B62C39A3E6C2}.Debug|x64.Build.0 = Debug|x64
		{47C065C0-E420-4ECA-BA46-B62C39A3E6C2}.Release|x64.ActiveCfg = Release|x64
		{47C065C0-E420-4ECA-BA46-B62C39A3E6C2}.Release|x64.Build.0 = Release|x64
		{DF6594E1-C0F9-42E3-B437-40D325BC60C4}.Debug|x64.ActiveCfg = Debug|x64
		{DF6594E1-C0F9-42E3-B437-40D325BC60C4}.Debug|x64.Build.0 = Debug|x64
		{DF6594E1-C0F9-42E3-B437-40D325BC60C4}.Release|x64.ActiveCfg = Release|x64
		{DF6594E1-C0F9-42E3-B437-40D325BC60C4}.Release|x64.Build.0 = Release|x64
		{C57C96BD-4D77-4ED9-BC58-99D331A3ED3C}.Debug|x64.ActiveCfg = Debug|x64
		{C57C96BD-4D77-4ED9-BC58-99D331A3ED3C}.Debug|x64.Build.0 = Debug|x64
		{C57C96BD-4D77-4ED9-BC58-99D331A3ED3C}.Release|x64.ActiveCfg = Release|x64
		{C57C96BD-4D77-4ED9-BC58-99D331A3ED3C}.Release|x64.Build.0 = Release|x64
		{F2300CDA-BD1D-4146-BF1D-D68FE3845FEF}.Debug|x64.ActiveCfg = Debug|x64
		{F2300CDA-BD1D-4146-BF1D-D68FE3845FEF}.Debug|x64.Build.0 = Debug|x64
		{F2300CDA-BD1D-4146-BF1D-D68FE3845FEF}.Release|x64.ActiveCfg = Release|x64
		{F2300CDA-BD1D-4146-BF1D-D68FE3845FEF}.Release|x64.Build.0 = Release|x64
		{C3177C4E-A208-4E17-AAB3-75D4F32984B5}.Debug|x64.ActiveCfg = Debug|x64
		{C3177C4E-A208-4E17-AAB3-75D4F32984B5}.Debug|x64.Build.0 = Debug|x64
		{C3177C4E-A208-4E17-AAB3-75D4F32984B5}.Release|x64.ActiveCfg = Release|x64
		{C3177C4E-A208-4E17-AAB3-75D4F32984B5}.Release|x64.Build.0 = Release|x64
		{A3124F97-8A55-42BB-81C2-9051536D5FD1}.Debug|x64.ActiveCfg = Debug|x64
		{A3124F97-8A55-42BB-81C2-9051536D5FD1}.Debug|x64.Build.0 = Debug|x64
		{A3124F97-8A55-42BB-81C2-9051536D5FD1}.Release|x64.ActiveCfg = Release|x64
		{A3124F97-8A55-42BB-81C2-9051536D5FD1}.Release|x64.Build.0 = Release|x64
		{9F6AEFD9-9D11-431E-A34A-94834D69D98B}.Debug|x64.ActiveCfg = Debug|x64
		{9F6AEFD9-9D11-431E-A34A-94834D69D98B}.Debug|x64.Build.0 = Debug|x64
		{9F6AEFD9-9D11-431E-A34A-94834D69D98B}.Release|x64.ActiveCfg = Release|x64
		{9F6AEFD9-9D11-431E-A34A-94834D69D98B}.Release|x64.Build.0 = Release|x64
		{C5569375-FCC4-409F-83DE-CAFE98C057D8}.Debug|x64.ActiveCfg = Debug|x64
		{C5569375-FCC4-409F-83DE-CAFE98C057D8}.Debug|x64.Build.0 = Debug|x64
		{C5569375-FCC4-409F-83DE-CAFE98C057D8}.Release|x64.ActiveCfg = Release|x64
		{C5569375-FCC4-409F-83DE-CAFE98C057D8}.Release|x64.Build.0 = Release|x64
		{5BECD990-16DF-46E2-A189-132DDE20FA71}.Debug|x64.ActiveCfg = Debug|x64
		{5BECD990-16DF-46E2-A189-132DDE20FA71}.Debug|x64.Build.0 = Debug|x64
		{5BECD990-16DF-46E2-A189-132DDE20FA71}.Release|x64.ActiveCfg = Release|x64
		{5BECD990-16DF-46E2-A189-132DDE20FA71}.Release|x64.Build.0 = Release|x64
		{C6867693-893C-4D10-B8E6-3E032B88F95F}.Debug|x64.ActiveCfg = Debug|x64
		{C6867693-893C-4D10-B8E6-3E032B88F95F}.Debug|x64.Build.0 = Debug|x64
		{C6867693-893C-4D10-B8E6-3E032B88F95F}.Release|x64.ActiveCfg = Release|x64
		{C6867693-893C-4D10-B8E6-3E032B88F95F}.Release|x64.Build.0 = Release|x64
		{5108F98F-729F-4B59-B03A-7C73877520EB}.Debug|x64.ActiveCfg = Debug|x64
		{5108F98F-729F-4B59-B03A-7C73877520EB}.Debug|x64.Build.0 = Debug|x64
		{5108F98F-729F-4B59-B03A-7C73877520EB}.Release|x64.ActiveCfg = Release|x64
		{5108F98F-729F-4B59-B03A-7C73877520EB}.Release|x64.Build.0 = Release|x64
		{BC7470AD-38B9-420A-B6C2-10A051656F73}.Debug|x64.ActiveCfg = Debug|x64
		{BC7470AD-38B9-420A-B6C2-10A051656F73}.Debug|x64.Build.0 = Debug|x64
		{BC7470AD-38B9-420A-B6C2-10A051656F73}.Release|x64.ActiveCfg = Release|x64
		{BC7470AD-38B9-420A-B6C2-10A051656F73}.Release|x64.Build.0 = Release|x64
		{0CB683CF-18E2-4981-9E21-8252E62AC3D2}.Debug|x64.ActiveCfg = Debug|x64
		{0CB683CF-18E2-4981-9E21-8252E62AC3D2}.Debug|x64.Build.0 = Debug|x64
		{0CB683CF-18E2-4981-9E21-8252E62AC3D2}.Release|x64.ActiveCfg = Release|x64
		{0CB683CF-18E2-4981-9E21-8252E62AC3D2}.Release|x64.Build.0 = Release|x64
	EndGlobalSection
	GlobalSection(SolutionProperties) = preSolution
		HideSolutionNode = FALSE
	EndGlobalSection
	GlobalSection(NestedProjects) = preSolution
		{19B426CD-4526-4ACC-9082-9ABCC19B86C2} = {EBBBC5AB-E662-45E5-BA81-FB445F6B829F}
		{C63D3535-4AC0-4454-B875-FA37F80BC626} = {EBBBC5AB-E662-45E5-BA81-FB445F6B829F}
		{791642ED-9E59-4F42-927B-3562F869D9C1} = {19B426CD-4526-4ACC-9082-9ABCC19B86C2}
		{45B3F3A4-ADA7-49E5-BE9C-D8AA5352C64A} = {19B426CD-4526-4ACC-9082-9ABCC19B86C2}
		{B3D12233-9673-4CE5-A799-2C2124912D09} = {C63D3535-4AC0-4454-B875-FA37F80BC626}
		{F807F72B-B3A8-4785-8241-AB8939D5FB2B} = {EBBBC5AB-E662-45E5-BA81-FB445F6B829F}
		{07319FEE-3F66-4F30-9E28-7CA992BA01F8} = {F807F72B-B3A8-4785-8241-AB8939D5FB2B}
		{4A9BA1CB-6DF7-4807-BE9D-8ED8B4FDBD57} = {0308EA3F-36B3-4A2E-90E4-87AFE8A14130}
		{C5B3037C-F44E-4532-A7F0-4F76D98A47E7} = {0308EA3F-36B3-4A2E-90E4-87AFE8A14130}
		{00400A7A-6D2A-441B-8ADB-EC840E246D33} = {0308EA3F-36B3-4A2E-90E4-87AFE8A14130}
		{0E01DB87-D436-4118-9C78-929534FD2003} = {4A9BA1CB-6DF7-4807-BE9D-8ED8B4FDBD57}
		{1040F826-2158-40EB-8AFA-C89ACD98494E} = {4A9BA1CB-6DF7-4807-BE9D-8ED8B4FDBD57}
		{F9080A03-EDCF-4879-A43F-BDE01F5D67DD} = {4A9BA1CB-6DF7-4807-BE9D-8ED8B4FDBD57}
		{21ED1E50-2C17-4EA8-A03A-0B2BC70AB4AA} = {4A9BA1CB-6DF7-4807-BE9D-8ED8B4FDBD57}
		{BF1D72C6-396A-406F-A49B-028AB257481C} = {4A9BA1CB-6DF7-4807-BE9D-8ED8B4FDBD57}
		{47C065C0-E420-4ECA-BA46-B62C39A3E6C2} = {4A9BA1CB-6DF7-4807-BE9D-8ED8B4FDBD57}
		{DF6594E1-C0F9-42E3-B437-40D325BC60C4} = {C5B3037C-F44E-4532-A7F0-4F76D98A47E7}
		{C57C96BD-4D77-4ED9-BC58-99D331A3ED3C} = {C5B3037C-F44E-4532-A7F0-4F76D98A47E7}
		{F2300CDA-BD1D-4146-BF1D-D68FE3845FEF} = {C5B3037C-F44E-4532-A7F0-4F76D98A47E7}
		{C3177C4E-A208-4E17-AAB3-75D4F32984B5} = {C5B3037C-F44E-4532-A7F0-4F76D98A47E7}
		{A3124F97-8A55-42BB-81C2-9051536D5FD1} = {C5B3037C-F44E-4532-A7F0-4F76D98A47E7}
		{9F6AEFD9-9D11-431E-A34A-94834D69D98B} = {C5B3037C-F44E-4532-A7F0-4F76D98A47E7}
		{C5569375-FCC4-409F-83DE-CAFE98C057D8} = {C5B3037C-F44E-4532-A7F0-4F76D98A47E7}
		{5BECD990-16DF-46E2-A189-132DDE20FA71} = {C5B3037C-F44E-4532-A7F0-4F76D98A47E7}
		{C6867693-893C-4D10-B8E6-3E032B88F95F} = {C5B3037C-F44E-4532-A7F0-4F76D98A47E7}
		{5108F98F-729F-4B59-B03A-7C73877520EB} = {C5B3037C-F44E-4532-A7F0-4F76D98A47E7}
		{BC7470AD-38B9-420A-B6C2-10A051656F73} = {C5B3037C-F44E-4532-A7F0-4F76D98A47E7}
		{0CB683CF-18E2-4981-9E21-8252E62AC3D2} = {C5B3037C-F44E-4532-A7F0-4F76D98A47E7}
	EndGlobalSection
	GlobalSection(ExtensibilityGlobals) = postSolution
		SolutionGuid = {5806D430-DEB4-4E2B-8838-C80B410D7661}
	EndGlobalSection
EndGlobal
