
Microsoft Visual Studio Solution File, Format Version 12.00
# Visual Studio 15
VisualStudioVersion = 15.0.28307.2092
MinimumVisualStudioVersion = 10.0.40219.1
Project("{2150E333-8FDC-42A3-9474-1A3956D46DE8}") = "0_thirdparty", "0_thirdparty", "{EBBBC5AB-E662-45E5-BA81-FB445F6B829F}"
EndProject
Project("{2150E333-8FDC-42A3-9474-1A3956D46DE8}") = "1_test", "1_test", "{0308EA3F-36B3-4A2E-90E4-87AFE8A14130}"
EndProject
Project("{2150E333-8FDC-42A3-9474-1A3956D46DE8}") = "0_lib", "0_lib", "{19B426CD-4526-4ACC-9082-9ABCC19B86C2}"
EndProject
Project("{2150E333-8FDC-42A3-9474-1A3956D46DE8}") = "1_dll", "1_dll", "{C63D3535-4AC0-4454-B875-FA37F80BC626}"
EndProject
Project("{8BC9CEB8-8B4A-11D0-8D11-00A0C91BC942}") = "libtiff", "thirdparty\tiff-4.4.0\libtiff_linux.vcxproj", "{791642ED-9E59-4F42-927B-3562F869D9C1}"
EndProject
Project("{8BC9CEB8-8B4A-11D0-8D11-00A0C91BC942}") = "libport", "thirdparty\tiff-4.4.0\port\libport_linux.vcxproj", "{45B3F3A4-ADA7-49E5-BE9C-D8AA5352C64A}"
EndProject
Project("{8BC9CEB8-8B4A-11D0-8D11-00A0C91BC942}") = "tiff", "thirdparty\tiff-4.4.0\tiff_linux.vcxproj", "{B3D12233-9673-4CE5-A799-2C2124912D09}"
EndProject
Project("{2150E333-8FDC-42A3-9474-1A3956D46DE8}") = "2_exe", "2_exe", "{F807F72B-B3A8-4785-8241-AB8939D5FB2B}"
EndProject
Project("{8BC9CEB8-8B4A-11D0-8D11-00A0C91BC942}") = "mkg3states", "thirdparty\tiff-4.4.0\mkg3states_linux.vcxproj", "{07319FEE-3F66-4F30-9E28-7CA992BA01F8}"
EndProject
Global
	GlobalSection(SolutionConfigurationPlatforms) = preSolution
		Debug|x64 = Debug|x64
		Release|x64 = Release|x64
	EndGlobalSection
	GlobalSection(ProjectConfigurationPlatforms) = postSolution
		{791642ED-9E59-4F42-927B-3562F869D9C1}.Debug|x64.ActiveCfg = Debug|x64
		{791642ED-9E59-4F42-927B-3562F869D9C1}.Debug|x64.Build.0 = Debug|x64
		{791642ED-9E59-4F42-927B-3562F869D9C1}.Release|x64.ActiveCfg = Release|x64
		{791642ED-9E59-4F42-927B-3562F869D9C1}.Release|x64.Build.0 = Release|x64
		{45B3F3A4-ADA7-49E5-BE9C-D8AA5352C64A}.Debug|x64.ActiveCfg = Debug|x64
		{45B3F3A4-ADA7-49E5-BE9C-D8AA5352C64A}.Debug|x64.Build.0 = Debug|x64
		{45B3F3A4-ADA7-49E5-BE9C-D8AA5352C64A}.Release|x64.ActiveCfg = Release|x64
		{45B3F3A4-ADA7-49E5-BE9C-D8AA5352C64A}.Release|x64.Build.0 = Release|x64
		{B3D12233-9673-4CE5-A799-2C2124912D09}.Debug|x64.ActiveCfg = Debug|x64
		{B3D12233-9673-4CE5-A799-2C2124912D09}.Debug|x64.Build.0 = Debug|x64
		{B3D12233-9673-4CE5-A799-2C2124912D09}.Release|x64.ActiveCfg = Release|x64
		{B3D12233-9673-4CE5-A799-2C2124912D09}.Release|x64.Build.0 = Release|x64
		{07319FEE-3F66-4F30-9E28-7CA992BA01F8}.Debug|x64.ActiveCfg = Debug|x64
		{07319FEE-3F66-4F30-9E28-7CA992BA01F8}.Debug|x64.Build.0 = Debug|x64
		{07319FEE-3F66-4F30-9E28-7CA992BA01F8}.Release|x64.ActiveCfg = Release|x64
		{07319FEE-3F66-4F30-9E28-7CA992BA01F8}.Release|x64.Build.0 = Release|x64
	EndGlobalSection
	GlobalSection(SolutionProperties) = preSolution
		HideSolutionNode = FALSE
	EndGlobalSection
	GlobalSection(NestedProjects) = preSolution
		{19B426CD-4526-4ACC-9082-9ABCC19B86C2} = {EBBBC5AB-E662-45E5-BA81-FB445F6B829F}
		{C63D3535-4AC0-4454-B875-FA37F80BC626} = {EBBBC5AB-E662-45E5-BA81-FB445F6B829F}
		{791642ED-9E59-4F42-927B-3562F869D9C1} = {19B426CD-4526-4ACC-9082-9ABCC19B86C2}
		{45B3F3A4-ADA7-49E5-BE9C-D8AA5352C64A} = {19B426CD-4526-4ACC-9082-9ABCC19B86C2}
		{B3D12233-9673-4CE5-A799-2C2124912D09} = {C63D3535-4AC0-4454-B875-FA37F80BC626}
		{F807F72B-B3A8-4785-8241-AB8939D5FB2B} = {EBBBC5AB-E662-45E5-BA81-FB445F6B829F}
		{07319FEE-3F66-4F30-9E28-7CA992BA01F8} = {F807F72B-B3A8-4785-8241-AB8939D5FB2B}
	EndGlobalSection
	GlobalSection(ExtensibilityGlobals) = postSolution
		SolutionGuid = {5806D430-DEB4-4E2B-8838-C80B410D7661}
	EndGlobalSection
EndGlobal
